// !$*UTF8*$!
{
	archiveVersion = 1;
	classes = {
	};
	objectVersion = 56;
	objects = {

/* Begin PBXBuildFile section */
		05FC0F8092193A4253C982C5 /* Pods_LSYListViewDataSourceDemo.framework in Frameworks */ = {isa = PBXBuildFile; fileRef = 4CA0C19A4C8E586AEBC61DD7 /* Pods_LSYListViewDataSourceDemo.framework */; };
		376AAF122A8B2AD00055CF0F /* AppDelegate.m in Sources */ = {isa = PBXBuildFile; fileRef = 376AAF112A8B2AD00055CF0F /* AppDelegate.m */; };
		376AAF152A8B2AD00055CF0F /* SceneDelegate.m in Sources */ = {isa = PBXBuildFile; fileRef = 376AAF142A8B2AD00055CF0F /* SceneDelegate.m */; };
		376AAF182A8B2AD00055CF0F /* ViewController.m in Sources */ = {isa = PBXBuildFile; fileRef = 376AAF172A8B2AD00055CF0F /* ViewController.m */; };
		376AAF1B2A8B2AD00055CF0F /* Main.storyboard in Resources */ = {isa = PBXBuildFile; fileRef = 376AAF192A8B2AD00055CF0F /* Main.storyboard */; };
		376AAF1D2A8B2AD10055CF0F /* Assets.xcassets in Resources */ = {isa = PBXBuildFile; fileRef = 376AAF1C2A8B2AD10055CF0F /* Assets.xcassets */; };
		376AAF202A8B2AD10055CF0F /* LaunchScreen.storyboard in Resources */ = {isa = PBXBuildFile; fileRef = 376AAF1E2A8B2AD10055CF0F /* LaunchScreen.storyboard */; };
		376AAF232A8B2AD10055CF0F /* main.m in Sources */ = {isa = PBXBuildFile; fileRef = 376AAF222A8B2AD10055CF0F /* main.m */; };
		376AAF2F2A8B4C280055CF0F /* TableViewController.m in Sources */ = {isa = PBXBuildFile; fileRef = 376AAF2E2A8B4C280055CF0F /* TableViewController.m */; };
		376AAF352A8B4E4F0055CF0F /* LSYListViewDataSource.m in Sources */ = {isa = PBXBuildFile; fileRef = 376AAF342A8B4E4F0055CF0F /* LSYListViewDataSource.m */; };
		376AAF392A8B6FD90055CF0F /* LSYTableViewDataSource.m in Sources */ = {isa = PBXBuildFile; fileRef = 376AAF382A8B6FD90055CF0F /* LSYTableViewDataSource.m */; };
		376AAF3C2A8B6FF00055CF0F /* LSYCollectionViewDataSource.m in Sources */ = {isa = PBXBuildFile; fileRef = 376AAF3B2A8B6FF00055CF0F /* LSYCollectionViewDataSource.m */; };
		376AAF3F2A8BA0380055CF0F /* CollectionViewController.m in Sources */ = {isa = PBXBuildFile; fileRef = 376AAF3E2A8BA0380055CF0F /* CollectionViewController.m */; };
		376AAF422A8BA5E50055CF0F /* CollectionViewCell.m in Sources */ = {isa = PBXBuildFile; fileRef = 376AAF412A8BA5E50055CF0F /* CollectionViewCell.m */; };
		376B964F2A8CE9C000D3FB46 /* GifRefreshHeader.m in Sources */ = {isa = PBXBuildFile; fileRef = 376B964E2A8CE9C000D3FB46 /* GifRefreshHeader.m */; };
		376B96522A8D013100D3FB46 /* GifRefreshFooter.m in Sources */ = {isa = PBXBuildFile; fileRef = 376B96512A8D013100D3FB46 /* GifRefreshFooter.m */; };
		377490CD2A95F407005A4F60 /* header24.jpeg in Resources */ = {isa = PBXBuildFile; fileRef = 377490B52A95F407005A4F60 /* header24.jpeg */; };
		377490CE2A95F407005A4F60 /* header23.jpeg in Resources */ = {isa = PBXBuildFile; fileRef = 377490B62A95F407005A4F60 /* header23.jpeg */; };
		377490CF2A95F407005A4F60 /* header6.jpeg in Resources */ = {isa = PBXBuildFile; fileRef = 377490B72A95F407005A4F60 /* header6.jpeg */; };
		377490D02A95F407005A4F60 /* header20.jpeg in Resources */ = {isa = PBXBuildFile; fileRef = 377490B82A95F407005A4F60 /* header20.jpeg */; };
		377490D12A95F407005A4F60 /* header15.jpeg in Resources */ = {isa = PBXBuildFile; fileRef = 377490B92A95F407005A4F60 /* header15.jpeg */; };
		377490D22A95F407005A4F60 /* header21.jpeg in Resources */ = {isa = PBXBuildFile; fileRef = 377490BA2A95F407005A4F60 /* header21.jpeg */; };
		377490D32A95F407005A4F60 /* header3.jpeg in Resources */ = {isa = PBXBuildFile; fileRef = 377490BB2A95F407005A4F60 /* header3.jpeg */; };
		377490D42A95F407005A4F60 /* header1.jpeg in Resources */ = {isa = PBXBuildFile; fileRef = 377490BC2A95F407005A4F60 /* header1.jpeg */; };
		377490D52A95F407005A4F60 /* header12.jpeg in Resources */ = {isa = PBXBuildFile; fileRef = 377490BD2A95F407005A4F60 /* header12.jpeg */; };
		377490D62A95F407005A4F60 /* header7.jpeg in Resources */ = {isa = PBXBuildFile; fileRef = 377490BE2A95F407005A4F60 /* header7.jpeg */; };
		377490D72A95F407005A4F60 /* header5.jpeg in Resources */ = {isa = PBXBuildFile; fileRef = 377490BF2A95F407005A4F60 /* header5.jpeg */; };
		377490D82A95F407005A4F60 /* header2.jpeg in Resources */ = {isa = PBXBuildFile; fileRef = 377490C02A95F407005A4F60 /* header2.jpeg */; };
		377490D92A95F407005A4F60 /* header9.jpeg in Resources */ = {isa = PBXBuildFile; fileRef = 377490C12A95F407005A4F60 /* header9.jpeg */; };
		377490DA2A95F407005A4F60 /* header11.jpeg in Resources */ = {isa = PBXBuildFile; fileRef = 377490C22A95F407005A4F60 /* header11.jpeg */; };
		377490DB2A95F407005A4F60 /* header10.jpeg in Resources */ = {isa = PBXBuildFile; fileRef = 377490C32A95F407005A4F60 /* header10.jpeg */; };
		377490DC2A95F407005A4F60 /* header8.jpeg in Resources */ = {isa = PBXBuildFile; fileRef = 377490C42A95F407005A4F60 /* header8.jpeg */; };
		377490DD2A95F407005A4F60 /* header19.jpeg in Resources */ = {isa = PBXBuildFile; fileRef = 377490C52A95F407005A4F60 /* header19.jpeg */; };
		377490DE2A95F407005A4F60 /* header22.jpeg in Resources */ = {isa = PBXBuildFile; fileRef = 377490C62A95F407005A4F60 /* header22.jpeg */; };
		377490DF2A95F407005A4F60 /* header18.jpeg in Resources */ = {isa = PBXBuildFile; fileRef = 377490C72A95F407005A4F60 /* header18.jpeg */; };
		377490E02A95F407005A4F60 /* header4.jpeg in Resources */ = {isa = PBXBuildFile; fileRef = 377490C82A95F407005A4F60 /* header4.jpeg */; };
		377490E12A95F407005A4F60 /* header13.jpeg in Resources */ = {isa = PBXBuildFile; fileRef = 377490C92A95F407005A4F60 /* header13.jpeg */; };
		377490E22A95F407005A4F60 /* header14.jpeg in Resources */ = {isa = PBXBuildFile; fileRef = 377490CA2A95F407005A4F60 /* header14.jpeg */; };
		377490E32A95F407005A4F60 /* header16.jpeg in Resources */ = {isa = PBXBuildFile; fileRef = 377490CB2A95F407005A4F60 /* header16.jpeg */; };
		377490E42A95F407005A4F60 /* header17.jpeg in Resources */ = {isa = PBXBuildFile; fileRef = 377490CC2A95F407005A4F60 /* header17.jpeg */; };
		3774920C2A95F83C005A4F60 /* footer13.jpeg in Resources */ = {isa = PBXBuildFile; fileRef = 377491EE2A95F83B005A4F60 /* footer13.jpeg */; };
		3774920D2A95F83C005A4F60 /* footer29.jpeg in Resources */ = {isa = PBXBuildFile; fileRef = 377491EF2A95F83B005A4F60 /* footer29.jpeg */; };
		3774920E2A95F83C005A4F60 /* footer3.jpeg in Resources */ = {isa = PBXBuildFile; fileRef = 377491F02A95F83B005A4F60 /* footer3.jpeg */; };
		3774920F2A95F83C005A4F60 /* footer25.jpeg in Resources */ = {isa = PBXBuildFile; fileRef = 377491F12A95F83B005A4F60 /* footer25.jpeg */; };
		377492102A95F83C005A4F60 /* footer4.jpeg in Resources */ = {isa = PBXBuildFile; fileRef = 377491F22A95F83B005A4F60 /* footer4.jpeg */; };
		377492112A95F83C005A4F60 /* footer6.jpeg in Resources */ = {isa = PBXBuildFile; fileRef = 377491F32A95F83B005A4F60 /* footer6.jpeg */; };
		377492122A95F83C005A4F60 /* footer2.jpeg in Resources */ = {isa = PBXBuildFile; fileRef = 377491F42A95F83B005A4F60 /* footer2.jpeg */; };
		377492132A95F83C005A4F60 /* footer18.jpeg in Resources */ = {isa = PBXBuildFile; fileRef = 377491F52A95F83B005A4F60 /* footer18.jpeg */; };
		377492142A95F83C005A4F60 /* footer17.jpeg in Resources */ = {isa = PBXBuildFile; fileRef = 377491F62A95F83B005A4F60 /* footer17.jpeg */; };
		377492152A95F83C005A4F60 /* footer5.jpeg in Resources */ = {isa = PBXBuildFile; fileRef = 377491F72A95F83B005A4F60 /* footer5.jpeg */; };
		377492162A95F83C005A4F60 /* footer28.jpeg in Resources */ = {isa = PBXBuildFile; fileRef = 377491F82A95F83B005A4F60 /* footer28.jpeg */; };
		377492172A95F83C005A4F60 /* footer26.jpeg in Resources */ = {isa = PBXBuildFile; fileRef = 377491F92A95F83B005A4F60 /* footer26.jpeg */; };
		377492182A95F83C005A4F60 /* footer1.jpeg in Resources */ = {isa = PBXBuildFile; fileRef = 377491FA2A95F83B005A4F60 /* footer1.jpeg */; };
		377492192A95F83C005A4F60 /* footer19.jpeg in Resources */ = {isa = PBXBuildFile; fileRef = 377491FB2A95F83B005A4F60 /* footer19.jpeg */; };
		3774921A2A95F83C005A4F60 /* footer9.jpeg in Resources */ = {isa = PBXBuildFile; fileRef = 377491FC2A95F83B005A4F60 /* footer9.jpeg */; };
		3774921B2A95F83C005A4F60 /* footer8.jpeg in Resources */ = {isa = PBXBuildFile; fileRef = 377491FD2A95F83B005A4F60 /* footer8.jpeg */; };
		3774921C2A95F83C005A4F60 /* footer7.jpeg in Resources */ = {isa = PBXBuildFile; fileRef = 377491FE2A95F83B005A4F60 /* footer7.jpeg */; };
		3774921D2A95F83C005A4F60 /* footer16.jpeg in Resources */ = {isa = PBXBuildFile; fileRef = 377491FF2A95F83B005A4F60 /* footer16.jpeg */; };
		3774921E2A95F83C005A4F60 /* footer14.jpeg in Resources */ = {isa = PBXBuildFile; fileRef = 377492002A95F83B005A4F60 /* footer14.jpeg */; };
		3774921F2A95F83C005A4F60 /* footer21.jpeg in Resources */ = {isa = PBXBuildFile; fileRef = 377492012A95F83B005A4F60 /* footer21.jpeg */; };
		377492202A95F83C005A4F60 /* footer10.jpeg in Resources */ = {isa = PBXBuildFile; fileRef = 377492022A95F83B005A4F60 /* footer10.jpeg */; };
		377492212A95F83C005A4F60 /* footer12.jpeg in Resources */ = {isa = PBXBuildFile; fileRef = 377492032A95F83B005A4F60 /* footer12.jpeg */; };
		377492222A95F83C005A4F60 /* footer11.jpeg in Resources */ = {isa = PBXBuildFile; fileRef = 377492042A95F83B005A4F60 /* footer11.jpeg */; };
		377492232A95F83C005A4F60 /* footer15.jpeg in Resources */ = {isa = PBXBuildFile; fileRef = 377492052A95F83B005A4F60 /* footer15.jpeg */; };
		377492242A95F83C005A4F60 /* footer20.jpeg in Resources */ = {isa = PBXBuildFile; fileRef = 377492062A95F83B005A4F60 /* footer20.jpeg */; };
		377492252A95F83C005A4F60 /* footer22.jpeg in Resources */ = {isa = PBXBuildFile; fileRef = 377492072A95F83B005A4F60 /* footer22.jpeg */; };
		377492262A95F83C005A4F60 /* footer27.jpeg in Resources */ = {isa = PBXBuildFile; fileRef = 377492082A95F83B005A4F60 /* footer27.jpeg */; };
		377492272A95F83C005A4F60 /* footer23.jpeg in Resources */ = {isa = PBXBuildFile; fileRef = 377492092A95F83C005A4F60 /* footer23.jpeg */; };
		377492282A95F83C005A4F60 /* footer30.jpeg in Resources */ = {isa = PBXBuildFile; fileRef = 3774920A2A95F83C005A4F60 /* footer30.jpeg */; };
		377492292A95F83C005A4F60 /* footer24.jpeg in Resources */ = {isa = PBXBuildFile; fileRef = 3774920B2A95F83C005A4F60 /* footer24.jpeg */; };
		377492902A95F851005A4F60 /* footer103.jpeg in Resources */ = {isa = PBXBuildFile; fileRef = 3774922A2A95F84D005A4F60 /* footer103.jpeg */; };
		377492912A95F851005A4F60 /* footer106.jpeg in Resources */ = {isa = PBXBuildFile; fileRef = 3774922B2A95F84D005A4F60 /* footer106.jpeg */; };
		377492922A95F851005A4F60 /* footer107.jpeg in Resources */ = {isa = PBXBuildFile; fileRef = 3774922C2A95F84D005A4F60 /* footer107.jpeg */; };
		377492932A95F851005A4F60 /* footer101.jpeg in Resources */ = {isa = PBXBuildFile; fileRef = 3774922D2A95F84D005A4F60 /* footer101.jpeg */; };
		377492942A95F851005A4F60 /* footer74.jpeg in Resources */ = {isa = PBXBuildFile; fileRef = 3774922E2A95F84D005A4F60 /* footer74.jpeg */; };
		377492952A95F851005A4F60 /* footer76.jpeg in Resources */ = {isa = PBXBuildFile; fileRef = 3774922F2A95F84E005A4F60 /* footer76.jpeg */; };
		377492962A95F851005A4F60 /* footer121.jpeg in Resources */ = {isa = PBXBuildFile; fileRef = 377492302A95F84E005A4F60 /* footer121.jpeg */; };
		377492972A95F851005A4F60 /* footer61.jpeg in Resources */ = {isa = PBXBuildFile; fileRef = 377492312A95F84E005A4F60 /* footer61.jpeg */; };
		377492982A95F851005A4F60 /* footer114.jpeg in Resources */ = {isa = PBXBuildFile; fileRef = 377492322A95F84E005A4F60 /* footer114.jpeg */; };
		377492992A95F851005A4F60 /* footer90.jpeg in Resources */ = {isa = PBXBuildFile; fileRef = 377492332A95F84E005A4F60 /* footer90.jpeg */; };
		3774929A2A95F851005A4F60 /* footer124.jpeg in Resources */ = {isa = PBXBuildFile; fileRef = 377492342A95F84E005A4F60 /* footer124.jpeg */; };
		3774929B2A95F851005A4F60 /* footer85.jpeg in Resources */ = {isa = PBXBuildFile; fileRef = 377492352A95F84E005A4F60 /* footer85.jpeg */; };
		3774929C2A95F851005A4F60 /* footer120.jpeg in Resources */ = {isa = PBXBuildFile; fileRef = 377492362A95F84E005A4F60 /* footer120.jpeg */; };
		3774929D2A95F851005A4F60 /* footer132.jpeg in Resources */ = {isa = PBXBuildFile; fileRef = 377492372A95F84E005A4F60 /* footer132.jpeg */; };
		3774929E2A95F851005A4F60 /* footer71.jpeg in Resources */ = {isa = PBXBuildFile; fileRef = 377492382A95F84E005A4F60 /* footer71.jpeg */; };
		3774929F2A95F851005A4F60 /* footer115.jpeg in Resources */ = {isa = PBXBuildFile; fileRef = 377492392A95F84E005A4F60 /* footer115.jpeg */; };
		377492A02A95F851005A4F60 /* footer130.jpeg in Resources */ = {isa = PBXBuildFile; fileRef = 3774923A2A95F84E005A4F60 /* footer130.jpeg */; };
		377492A12A95F851005A4F60 /* footer72.jpeg in Resources */ = {isa = PBXBuildFile; fileRef = 3774923B2A95F84E005A4F60 /* footer72.jpeg */; };
		377492A22A95F851005A4F60 /* footer84.jpeg in Resources */ = {isa = PBXBuildFile; fileRef = 3774923C2A95F84E005A4F60 /* footer84.jpeg */; };
		377492A32A95F851005A4F60 /* footer81.jpeg in Resources */ = {isa = PBXBuildFile; fileRef = 3774923D2A95F84E005A4F60 /* footer81.jpeg */; };
		377492A42A95F851005A4F60 /* footer129.jpeg in Resources */ = {isa = PBXBuildFile; fileRef = 3774923E2A95F84E005A4F60 /* footer129.jpeg */; };
		377492A52A95F851005A4F60 /* footer68.jpeg in Resources */ = {isa = PBXBuildFile; fileRef = 3774923F2A95F84E005A4F60 /* footer68.jpeg */; };
		377492A62A95F851005A4F60 /* footer108.jpeg in Resources */ = {isa = PBXBuildFile; fileRef = 377492402A95F84E005A4F60 /* footer108.jpeg */; };
		377492A72A95F851005A4F60 /* footer126.jpeg in Resources */ = {isa = PBXBuildFile; fileRef = 377492412A95F84E005A4F60 /* footer126.jpeg */; };
		377492A82A95F851005A4F60 /* footer92.jpeg in Resources */ = {isa = PBXBuildFile; fileRef = 377492422A95F84E005A4F60 /* footer92.jpeg */; };
		377492A92A95F851005A4F60 /* footer73.jpeg in Resources */ = {isa = PBXBuildFile; fileRef = 377492432A95F84E005A4F60 /* footer73.jpeg */; };
		377492AA2A95F851005A4F60 /* footer127.jpeg in Resources */ = {isa = PBXBuildFile; fileRef = 377492442A95F84E005A4F60 /* footer127.jpeg */; };
		377492AB2A95F851005A4F60 /* footer38.jpeg in Resources */ = {isa = PBXBuildFile; fileRef = 377492452A95F84E005A4F60 /* footer38.jpeg */; };
		377492AC2A95F851005A4F60 /* footer83.jpeg in Resources */ = {isa = PBXBuildFile; fileRef = 377492462A95F84E005A4F60 /* footer83.jpeg */; };
		377492AD2A95F851005A4F60 /* footer57.jpeg in Resources */ = {isa = PBXBuildFile; fileRef = 377492472A95F84E005A4F60 /* footer57.jpeg */; };
		377492AE2A95F851005A4F60 /* footer49.jpeg in Resources */ = {isa = PBXBuildFile; fileRef = 377492482A95F84E005A4F60 /* footer49.jpeg */; };
		377492AF2A95F851005A4F60 /* footer42.jpeg in Resources */ = {isa = PBXBuildFile; fileRef = 377492492A95F84E005A4F60 /* footer42.jpeg */; };
		377492B02A95F851005A4F60 /* footer122.jpeg in Resources */ = {isa = PBXBuildFile; fileRef = 3774924A2A95F84E005A4F60 /* footer122.jpeg */; };
		377492B12A95F851005A4F60 /* footer67.jpeg in Resources */ = {isa = PBXBuildFile; fileRef = 3774924B2A95F84E005A4F60 /* footer67.jpeg */; };
		377492B22A95F851005A4F60 /* footer110.jpeg in Resources */ = {isa = PBXBuildFile; fileRef = 3774924C2A95F84F005A4F60 /* footer110.jpeg */; };
		377492B32A95F851005A4F60 /* footer91.jpeg in Resources */ = {isa = PBXBuildFile; fileRef = 3774924D2A95F84F005A4F60 /* footer91.jpeg */; };
		377492B42A95F851005A4F60 /* footer128.jpeg in Resources */ = {isa = PBXBuildFile; fileRef = 3774924E2A95F84F005A4F60 /* footer128.jpeg */; };
		377492B52A95F851005A4F60 /* footer45.jpeg in Resources */ = {isa = PBXBuildFile; fileRef = 3774924F2A95F84F005A4F60 /* footer45.jpeg */; };
		377492B62A95F851005A4F60 /* footer109.jpeg in Resources */ = {isa = PBXBuildFile; fileRef = 377492502A95F84F005A4F60 /* footer109.jpeg */; };
		377492B72A95F851005A4F60 /* footer56.jpeg in Resources */ = {isa = PBXBuildFile; fileRef = 377492512A95F84F005A4F60 /* footer56.jpeg */; };
		377492B82A95F851005A4F60 /* footer53.jpeg in Resources */ = {isa = PBXBuildFile; fileRef = 377492522A95F84F005A4F60 /* footer53.jpeg */; };
		377492B92A95F851005A4F60 /* footer79.jpeg in Resources */ = {isa = PBXBuildFile; fileRef = 377492532A95F84F005A4F60 /* footer79.jpeg */; };
		377492BA2A95F851005A4F60 /* footer48.jpeg in Resources */ = {isa = PBXBuildFile; fileRef = 377492542A95F84F005A4F60 /* footer48.jpeg */; };
		377492BB2A95F851005A4F60 /* footer63.jpeg in Resources */ = {isa = PBXBuildFile; fileRef = 377492552A95F84F005A4F60 /* footer63.jpeg */; };
		377492BC2A95F851005A4F60 /* footer89.jpeg in Resources */ = {isa = PBXBuildFile; fileRef = 377492562A95F84F005A4F60 /* footer89.jpeg */; };
		377492BD2A95F851005A4F60 /* footer82.jpeg in Resources */ = {isa = PBXBuildFile; fileRef = 377492572A95F84F005A4F60 /* footer82.jpeg */; };
		377492BE2A95F851005A4F60 /* footer37.jpeg in Resources */ = {isa = PBXBuildFile; fileRef = 377492582A95F84F005A4F60 /* footer37.jpeg */; };
		377492BF2A95F851005A4F60 /* footer60.jpeg in Resources */ = {isa = PBXBuildFile; fileRef = 377492592A95F84F005A4F60 /* footer60.jpeg */; };
		377492C02A95F851005A4F60 /* footer96.jpeg in Resources */ = {isa = PBXBuildFile; fileRef = 3774925A2A95F84F005A4F60 /* footer96.jpeg */; };
		377492C12A95F851005A4F60 /* footer50.jpeg in Resources */ = {isa = PBXBuildFile; fileRef = 3774925B2A95F84F005A4F60 /* footer50.jpeg */; };
		377492C22A95F851005A4F60 /* footer75.jpeg in Resources */ = {isa = PBXBuildFile; fileRef = 3774925C2A95F84F005A4F60 /* footer75.jpeg */; };
		377492C32A95F851005A4F60 /* footer40.jpeg in Resources */ = {isa = PBXBuildFile; fileRef = 3774925D2A95F84F005A4F60 /* footer40.jpeg */; };
		377492C42A95F851005A4F60 /* footer95.jpeg in Resources */ = {isa = PBXBuildFile; fileRef = 3774925E2A95F84F005A4F60 /* footer95.jpeg */; };
		377492C52A95F851005A4F60 /* footer99.jpeg in Resources */ = {isa = PBXBuildFile; fileRef = 3774925F2A95F84F005A4F60 /* footer99.jpeg */; };
		377492C62A95F851005A4F60 /* footer66.jpeg in Resources */ = {isa = PBXBuildFile; fileRef = 377492602A95F84F005A4F60 /* footer66.jpeg */; };
		377492C72A95F851005A4F60 /* footer43.jpeg in Resources */ = {isa = PBXBuildFile; fileRef = 377492612A95F84F005A4F60 /* footer43.jpeg */; };
		377492C82A95F851005A4F60 /* footer44.jpeg in Resources */ = {isa = PBXBuildFile; fileRef = 377492622A95F84F005A4F60 /* footer44.jpeg */; };
		377492C92A95F851005A4F60 /* footer54.jpeg in Resources */ = {isa = PBXBuildFile; fileRef = 377492632A95F84F005A4F60 /* footer54.jpeg */; };
		377492CA2A95F851005A4F60 /* footer47.jpeg in Resources */ = {isa = PBXBuildFile; fileRef = 377492642A95F84F005A4F60 /* footer47.jpeg */; };
		377492CB2A95F851005A4F60 /* footer64.jpeg in Resources */ = {isa = PBXBuildFile; fileRef = 377492652A95F84F005A4F60 /* footer64.jpeg */; };
		377492CC2A95F851005A4F60 /* footer93.jpeg in Resources */ = {isa = PBXBuildFile; fileRef = 377492662A95F84F005A4F60 /* footer93.jpeg */; };
		377492CD2A95F851005A4F60 /* footer46.jpeg in Resources */ = {isa = PBXBuildFile; fileRef = 377492672A95F850005A4F60 /* footer46.jpeg */; };
		377492CE2A95F851005A4F60 /* footer119.jpeg in Resources */ = {isa = PBXBuildFile; fileRef = 377492682A95F850005A4F60 /* footer119.jpeg */; };
		377492CF2A95F851005A4F60 /* footer55.jpeg in Resources */ = {isa = PBXBuildFile; fileRef = 377492692A95F850005A4F60 /* footer55.jpeg */; };
		377492D02A95F851005A4F60 /* footer105.jpeg in Resources */ = {isa = PBXBuildFile; fileRef = 3774926A2A95F850005A4F60 /* footer105.jpeg */; };
		377492D12A95F851005A4F60 /* footer100.jpeg in Resources */ = {isa = PBXBuildFile; fileRef = 3774926B2A95F850005A4F60 /* footer100.jpeg */; };
		377492D22A95F851005A4F60 /* footer59.jpeg in Resources */ = {isa = PBXBuildFile; fileRef = 3774926C2A95F850005A4F60 /* footer59.jpeg */; };
		377492D32A95F851005A4F60 /* footer31.jpeg in Resources */ = {isa = PBXBuildFile; fileRef = 3774926D2A95F850005A4F60 /* footer31.jpeg */; };
		377492D42A95F851005A4F60 /* footer111.jpeg in Resources */ = {isa = PBXBuildFile; fileRef = 3774926E2A95F850005A4F60 /* footer111.jpeg */; };
		377492D52A95F851005A4F60 /* footer36.jpeg in Resources */ = {isa = PBXBuildFile; fileRef = 3774926F2A95F850005A4F60 /* footer36.jpeg */; };
		377492D62A95F851005A4F60 /* footer35.jpeg in Resources */ = {isa = PBXBuildFile; fileRef = 377492702A95F850005A4F60 /* footer35.jpeg */; };
		377492D72A95F851005A4F60 /* footer32.jpeg in Resources */ = {isa = PBXBuildFile; fileRef = 377492712A95F850005A4F60 /* footer32.jpeg */; };
		377492D82A95F851005A4F60 /* footer51.jpeg in Resources */ = {isa = PBXBuildFile; fileRef = 377492722A95F850005A4F60 /* footer51.jpeg */; };
		377492D92A95F851005A4F60 /* footer102.jpeg in Resources */ = {isa = PBXBuildFile; fileRef = 377492732A95F850005A4F60 /* footer102.jpeg */; };
		377492DA2A95F851005A4F60 /* footer33.jpeg in Resources */ = {isa = PBXBuildFile; fileRef = 377492742A95F850005A4F60 /* footer33.jpeg */; };
		377492DB2A95F851005A4F60 /* footer39.jpeg in Resources */ = {isa = PBXBuildFile; fileRef = 377492752A95F850005A4F60 /* footer39.jpeg */; };
		377492DC2A95F851005A4F60 /* footer112.jpeg in Resources */ = {isa = PBXBuildFile; fileRef = 377492762A95F850005A4F60 /* footer112.jpeg */; };
		377492DD2A95F851005A4F60 /* footer117.jpeg in Resources */ = {isa = PBXBuildFile; fileRef = 377492772A95F850005A4F60 /* footer117.jpeg */; };
		377492DE2A95F851005A4F60 /* footer87.jpeg in Resources */ = {isa = PBXBuildFile; fileRef = 377492782A95F850005A4F60 /* footer87.jpeg */; };
		377492DF2A95F851005A4F60 /* footer104.jpeg in Resources */ = {isa = PBXBuildFile; fileRef = 377492792A95F850005A4F60 /* footer104.jpeg */; };
		377492E02A95F851005A4F60 /* footer52.jpeg in Resources */ = {isa = PBXBuildFile; fileRef = 3774927A2A95F850005A4F60 /* footer52.jpeg */; };
		377492E12A95F851005A4F60 /* footer41.jpeg in Resources */ = {isa = PBXBuildFile; fileRef = 3774927B2A95F850005A4F60 /* footer41.jpeg */; };
		377492E22A95F851005A4F60 /* footer131.jpeg in Resources */ = {isa = PBXBuildFile; fileRef = 3774927C2A95F850005A4F60 /* footer131.jpeg */; };
		377492E32A95F851005A4F60 /* footer80.jpeg in Resources */ = {isa = PBXBuildFile; fileRef = 3774927D2A95F850005A4F60 /* footer80.jpeg */; };
		377492E42A95F851005A4F60 /* footer98.jpeg in Resources */ = {isa = PBXBuildFile; fileRef = 3774927E2A95F850005A4F60 /* footer98.jpeg */; };
		377492E52A95F851005A4F60 /* footer65.jpeg in Resources */ = {isa = PBXBuildFile; fileRef = 3774927F2A95F850005A4F60 /* footer65.jpeg */; };
		377492E62A95F851005A4F60 /* footer34.jpeg in Resources */ = {isa = PBXBuildFile; fileRef = 377492802A95F850005A4F60 /* footer34.jpeg */; };
		377492E72A95F851005A4F60 /* footer113.jpeg in Resources */ = {isa = PBXBuildFile; fileRef = 377492812A95F850005A4F60 /* footer113.jpeg */; };
		377492E82A95F851005A4F60 /* footer116.jpeg in Resources */ = {isa = PBXBuildFile; fileRef = 377492822A95F850005A4F60 /* footer116.jpeg */; };
		377492E92A95F851005A4F60 /* footer77.jpeg in Resources */ = {isa = PBXBuildFile; fileRef = 377492832A95F850005A4F60 /* footer77.jpeg */; };
		377492EA2A95F851005A4F60 /* footer97.jpeg in Resources */ = {isa = PBXBuildFile; fileRef = 377492842A95F850005A4F60 /* footer97.jpeg */; };
		377492EB2A95F851005A4F60 /* footer123.jpeg in Resources */ = {isa = PBXBuildFile; fileRef = 377492852A95F850005A4F60 /* footer123.jpeg */; };
		377492EC2A95F851005A4F60 /* footer69.jpeg in Resources */ = {isa = PBXBuildFile; fileRef = 377492862A95F851005A4F60 /* footer69.jpeg */; };
		377492ED2A95F851005A4F60 /* footer70.jpeg in Resources */ = {isa = PBXBuildFile; fileRef = 377492872A95F851005A4F60 /* footer70.jpeg */; };
		377492EE2A95F851005A4F60 /* footer58.jpeg in Resources */ = {isa = PBXBuildFile; fileRef = 377492882A95F851005A4F60 /* footer58.jpeg */; };
		377492EF2A95F851005A4F60 /* footer125.jpeg in Resources */ = {isa = PBXBuildFile; fileRef = 377492892A95F851005A4F60 /* footer125.jpeg */; };
		377492F02A95F851005A4F60 /* footer78.jpeg in Resources */ = {isa = PBXBuildFile; fileRef = 3774928A2A95F851005A4F60 /* footer78.jpeg */; };
		377492F12A95F851005A4F60 /* footer62.jpeg in Resources */ = {isa = PBXBuildFile; fileRef = 3774928B2A95F851005A4F60 /* footer62.jpeg */; };
		377492F22A95F851005A4F60 /* footer86.jpeg in Resources */ = {isa = PBXBuildFile; fileRef = 3774928C2A95F851005A4F60 /* footer86.jpeg */; };
		377492F32A95F851005A4F60 /* footer118.jpeg in Resources */ = {isa = PBXBuildFile; fileRef = 3774928D2A95F851005A4F60 /* footer118.jpeg */; };
		377492F42A95F851005A4F60 /* footer88.jpeg in Resources */ = {isa = PBXBuildFile; fileRef = 3774928E2A95F851005A4F60 /* footer88.jpeg */; };
		377492F52A95F851005A4F60 /* footer94.jpeg in Resources */ = {isa = PBXBuildFile; fileRef = 3774928F2A95F851005A4F60 /* footer94.jpeg */; };
		378BDA612A93522200A2DCDB /* YourBaseRequest.m in Sources */ = {isa = PBXBuildFile; fileRef = 378BDA562A93522200A2DCDB /* YourBaseRequest.m */; };
		378BDA622A93522200A2DCDB /* XXXListResult.m in Sources */ = {isa = PBXBuildFile; fileRef = 378BDA572A93522200A2DCDB /* XXXListResult.m */; };
		378BDA632A93522200A2DCDB /* YourBaseResponse.m in Sources */ = {isa = PBXBuildFile; fileRef = 378BDA592A93522200A2DCDB /* YourBaseResponse.m */; };
		378BDA662A93522200A2DCDB /* XXXListRequest.m in Sources */ = {isa = PBXBuildFile; fileRef = 378BDA5F2A93522200A2DCDB /* XXXListRequest.m */; };
/* End PBXBuildFile section */

/* Begin PBXFileReference section */
		2549FB69FEFE6973D0565ED1 /* Pods-LSYListViewDataSourceDemo.release.xcconfig */ = {isa = PBXFileReference; includeInIndex = 1; lastKnownFileType = text.xcconfig; name = "Pods-LSYListViewDataSourceDemo.release.xcconfig"; path = "Target Support Files/Pods-LSYListViewDataSourceDemo/Pods-LSYListViewDataSourceDemo.release.xcconfig"; sourceTree = "<group>"; };
		376AAF0D2A8B2AD00055CF0F /* LSYListViewDataSourceDemo.app */ = {isa = PBXFileReference; explicitFileType = wrapper.application; includeInIndex = 0; path = LSYListViewDataSourceDemo.app; sourceTree = BUILT_PRODUCTS_DIR; };
		376AAF102A8B2AD00055CF0F /* AppDelegate.h */ = {isa = PBXFileReference; lastKnownFileType = sourcecode.c.h; path = AppDelegate.h; sourceTree = "<group>"; };
		376AAF112A8B2AD00055CF0F /* AppDelegate.m */ = {isa = PBXFileReference; lastKnownFileType = sourcecode.c.objc; path = AppDelegate.m; sourceTree = "<group>"; };
		376AAF132A8B2AD00055CF0F /* SceneDelegate.h */ = {isa = PBXFileReference; lastKnownFileType = sourcecode.c.h; path = SceneDelegate.h; sourceTree = "<group>"; };
		376AAF142A8B2AD00055CF0F /* SceneDelegate.m */ = {isa = PBXFileReference; lastKnownFileType = sourcecode.c.objc; path = SceneDelegate.m; sourceTree = "<group>"; };
		376AAF162A8B2AD00055CF0F /* ViewController.h */ = {isa = PBXFileReference; lastKnownFileType = sourcecode.c.h; path = ViewController.h; sourceTree = "<group>"; };
		376AAF172A8B2AD00055CF0F /* ViewController.m */ = {isa = PBXFileReference; lastKnownFileType = sourcecode.c.objc; path = ViewController.m; sourceTree = "<group>"; };
		376AAF1A2A8B2AD00055CF0F /* Base */ = {isa = PBXFileReference; lastKnownFileType = file.storyboard; name = Base; path = Base.lproj/Main.storyboard; sourceTree = "<group>"; };
		376AAF1C2A8B2AD10055CF0F /* Assets.xcassets */ = {isa = PBXFileReference; lastKnownFileType = folder.assetcatalog; path = Assets.xcassets; sourceTree = "<group>"; };
		376AAF1F2A8B2AD10055CF0F /* Base */ = {isa = PBXFileReference; lastKnownFileType = file.storyboard; name = Base; path = Base.lproj/LaunchScreen.storyboard; sourceTree = "<group>"; };
		376AAF212A8B2AD10055CF0F /* Info.plist */ = {isa = PBXFileReference; lastKnownFileType = text.plist.xml; path = Info.plist; sourceTree = "<group>"; };
		376AAF222A8B2AD10055CF0F /* main.m */ = {isa = PBXFileReference; lastKnownFileType = sourcecode.c.objc; path = main.m; sourceTree = "<group>"; };
		376AAF2D2A8B4C280055CF0F /* TableViewController.h */ = {isa = PBXFileReference; lastKnownFileType = sourcecode.c.h; path = TableViewController.h; sourceTree = "<group>"; };
		376AAF2E2A8B4C280055CF0F /* TableViewController.m */ = {isa = PBXFileReference; lastKnownFileType = sourcecode.c.objc; path = TableViewController.m; sourceTree = "<group>"; };
		376AAF332A8B4E4F0055CF0F /* LSYListViewDataSource.h */ = {isa = PBXFileReference; lastKnownFileType = sourcecode.c.h; path = LSYListViewDataSource.h; sourceTree = "<group>"; };
		376AAF342A8B4E4F0055CF0F /* LSYListViewDataSource.m */ = {isa = PBXFileReference; lastKnownFileType = sourcecode.c.objc; path = LSYListViewDataSource.m; sourceTree = "<group>"; };
		376AAF372A8B6FD90055CF0F /* LSYTableViewDataSource.h */ = {isa = PBXFileReference; lastKnownFileType = sourcecode.c.h; path = LSYTableViewDataSource.h; sourceTree = "<group>"; };
		376AAF382A8B6FD90055CF0F /* LSYTableViewDataSource.m */ = {isa = PBXFileReference; lastKnownFileType = sourcecode.c.objc; path = LSYTableViewDataSource.m; sourceTree = "<group>"; };
		376AAF3A2A8B6FF00055CF0F /* LSYCollectionViewDataSource.h */ = {isa = PBXFileReference; lastKnownFileType = sourcecode.c.h; path = LSYCollectionViewDataSource.h; sourceTree = "<group>"; };
		376AAF3B2A8B6FF00055CF0F /* LSYCollectionViewDataSource.m */ = {isa = PBXFileReference; lastKnownFileType = sourcecode.c.objc; path = LSYCollectionViewDataSource.m; sourceTree = "<group>"; };
		376AAF3D2A8BA0380055CF0F /* CollectionViewController.h */ = {isa = PBXFileReference; lastKnownFileType = sourcecode.c.h; path = CollectionViewController.h; sourceTree = "<group>"; };
		376AAF3E2A8BA0380055CF0F /* CollectionViewController.m */ = {isa = PBXFileReference; lastKnownFileType = sourcecode.c.objc; path = CollectionViewController.m; sourceTree = "<group>"; };
		376AAF402A8BA5E50055CF0F /* CollectionViewCell.h */ = {isa = PBXFileReference; lastKnownFileType = sourcecode.c.h; path = CollectionViewCell.h; sourceTree = "<group>"; };
		376AAF412A8BA5E50055CF0F /* CollectionViewCell.m */ = {isa = PBXFileReference; lastKnownFileType = sourcecode.c.objc; path = CollectionViewCell.m; sourceTree = "<group>"; };
		376B964D2A8CE9C000D3FB46 /* GifRefreshHeader.h */ = {isa = PBXFileReference; lastKnownFileType = sourcecode.c.h; path = GifRefreshHeader.h; sourceTree = "<group>"; };
		376B964E2A8CE9C000D3FB46 /* GifRefreshHeader.m */ = {isa = PBXFileReference; lastKnownFileType = sourcecode.c.objc; path = GifRefreshHeader.m; sourceTree = "<group>"; };
		376B96502A8D013100D3FB46 /* GifRefreshFooter.h */ = {isa = PBXFileReference; lastKnownFileType = sourcecode.c.h; path = GifRefreshFooter.h; sourceTree = "<group>"; };
		376B96512A8D013100D3FB46 /* GifRefreshFooter.m */ = {isa = PBXFileReference; lastKnownFileType = sourcecode.c.objc; path = GifRefreshFooter.m; sourceTree = "<group>"; };
		377490B52A95F407005A4F60 /* header24.jpeg */ = {isa = PBXFileReference; lastKnownFileType = image.jpeg; path = header24.jpeg; sourceTree = "<group>"; };
		377490B62A95F407005A4F60 /* header23.jpeg */ = {isa = PBXFileReference; lastKnownFileType = image.jpeg; path = header23.jpeg; sourceTree = "<group>"; };
		377490B72A95F407005A4F60 /* header6.jpeg */ = {isa = PBXFileReference; lastKnownFileType = image.jpeg; path = header6.jpeg; sourceTree = "<group>"; };
		377490B82A95F407005A4F60 /* header20.jpeg */ = {isa = PBXFileReference; lastKnownFileType = image.jpeg; path = header20.jpeg; sourceTree = "<group>"; };
		377490B92A95F407005A4F60 /* header15.jpeg */ = {isa = PBXFileReference; lastKnownFileType = image.jpeg; path = header15.jpeg; sourceTree = "<group>"; };
		377490BA2A95F407005A4F60 /* header21.jpeg */ = {isa = PBXFileReference; lastKnownFileType = image.jpeg; path = header21.jpeg; sourceTree = "<group>"; };
		377490BB2A95F407005A4F60 /* header3.jpeg */ = {isa = PBXFileReference; lastKnownFileType = image.jpeg; path = header3.jpeg; sourceTree = "<group>"; };
		377490BC2A95F407005A4F60 /* header1.jpeg */ = {isa = PBXFileReference; lastKnownFileType = image.jpeg; path = header1.jpeg; sourceTree = "<group>"; };
		377490BD2A95F407005A4F60 /* header12.jpeg */ = {isa = PBXFileReference; lastKnownFileType = image.jpeg; path = header12.jpeg; sourceTree = "<group>"; };
		377490BE2A95F407005A4F60 /* header7.jpeg */ = {isa = PBXFileReference; lastKnownFileType = image.jpeg; path = header7.jpeg; sourceTree = "<group>"; };
		377490BF2A95F407005A4F60 /* header5.jpeg */ = {isa = PBXFileReference; lastKnownFileType = image.jpeg; path = header5.jpeg; sourceTree = "<group>"; };
		377490C02A95F407005A4F60 /* header2.jpeg */ = {isa = PBXFileReference; lastKnownFileType = image.jpeg; path = header2.jpeg; sourceTree = "<group>"; };
		377490C12A95F407005A4F60 /* header9.jpeg */ = {isa = PBXFileReference; lastKnownFileType = image.jpeg; path = header9.jpeg; sourceTree = "<group>"; };
		377490C22A95F407005A4F60 /* header11.jpeg */ = {isa = PBXFileReference; lastKnownFileType = image.jpeg; path = header11.jpeg; sourceTree = "<group>"; };
		377490C32A95F407005A4F60 /* header10.jpeg */ = {isa = PBXFileReference; lastKnownFileType = image.jpeg; path = header10.jpeg; sourceTree = "<group>"; };
		377490C42A95F407005A4F60 /* header8.jpeg */ = {isa = PBXFileReference; lastKnownFileType = image.jpeg; path = header8.jpeg; sourceTree = "<group>"; };
		377490C52A95F407005A4F60 /* header19.jpeg */ = {isa = PBXFileReference; lastKnownFileType = image.jpeg; path = header19.jpeg; sourceTree = "<group>"; };
		377490C62A95F407005A4F60 /* header22.jpeg */ = {isa = PBXFileReference; lastKnownFileType = image.jpeg; path = header22.jpeg; sourceTree = "<group>"; };
		377490C72A95F407005A4F60 /* header18.jpeg */ = {isa = PBXFileReference; lastKnownFileType = image.jpeg; path = header18.jpeg; sourceTree = "<group>"; };
		377490C82A95F407005A4F60 /* header4.jpeg */ = {isa = PBXFileReference; lastKnownFileType = image.jpeg; path = header4.jpeg; sourceTree = "<group>"; };
		377490C92A95F407005A4F60 /* header13.jpeg */ = {isa = PBXFileReference; lastKnownFileType = image.jpeg; path = header13.jpeg; sourceTree = "<group>"; };
		377490CA2A95F407005A4F60 /* header14.jpeg */ = {isa = PBXFileReference; lastKnownFileType = image.jpeg; path = header14.jpeg; sourceTree = "<group>"; };
		377490CB2A95F407005A4F60 /* header16.jpeg */ = {isa = PBXFileReference; lastKnownFileType = image.jpeg; path = header16.jpeg; sourceTree = "<group>"; };
		377490CC2A95F407005A4F60 /* header17.jpeg */ = {isa = PBXFileReference; lastKnownFileType = image.jpeg; path = header17.jpeg; sourceTree = "<group>"; };
		377491EE2A95F83B005A4F60 /* footer13.jpeg */ = {isa = PBXFileReference; lastKnownFileType = image.jpeg; path = footer13.jpeg; sourceTree = "<group>"; };
		377491EF2A95F83B005A4F60 /* footer29.jpeg */ = {isa = PBXFileReference; lastKnownFileType = image.jpeg; path = footer29.jpeg; sourceTree = "<group>"; };
		377491F02A95F83B005A4F60 /* footer3.jpeg */ = {isa = PBXFileReference; lastKnownFileType = image.jpeg; path = footer3.jpeg; sourceTree = "<group>"; };
		377491F12A95F83B005A4F60 /* footer25.jpeg */ = {isa = PBXFileReference; lastKnownFileType = image.jpeg; path = footer25.jpeg; sourceTree = "<group>"; };
		377491F22A95F83B005A4F60 /* footer4.jpeg */ = {isa = PBXFileReference; lastKnownFileType = image.jpeg; path = footer4.jpeg; sourceTree = "<group>"; };
		377491F32A95F83B005A4F60 /* footer6.jpeg */ = {isa = PBXFileReference; lastKnownFileType = image.jpeg; path = footer6.jpeg; sourceTree = "<group>"; };
		377491F42A95F83B005A4F60 /* footer2.jpeg */ = {isa = PBXFileReference; lastKnownFileType = image.jpeg; path = footer2.jpeg; sourceTree = "<group>"; };
		377491F52A95F83B005A4F60 /* footer18.jpeg */ = {isa = PBXFileReference; lastKnownFileType = image.jpeg; path = footer18.jpeg; sourceTree = "<group>"; };
		377491F62A95F83B005A4F60 /* footer17.jpeg */ = {isa = PBXFileReference; lastKnownFileType = image.jpeg; path = footer17.jpeg; sourceTree = "<group>"; };
		377491F72A95F83B005A4F60 /* footer5.jpeg */ = {isa = PBXFileReference; lastKnownFileType = image.jpeg; path = footer5.jpeg; sourceTree = "<group>"; };
		377491F82A95F83B005A4F60 /* footer28.jpeg */ = {isa = PBXFileReference; lastKnownFileType = image.jpeg; path = footer28.jpeg; sourceTree = "<group>"; };
		377491F92A95F83B005A4F60 /* footer26.jpeg */ = {isa = PBXFileReference; lastKnownFileType = image.jpeg; path = footer26.jpeg; sourceTree = "<group>"; };
		377491FA2A95F83B005A4F60 /* footer1.jpeg */ = {isa = PBXFileReference; lastKnownFileType = image.jpeg; path = footer1.jpeg; sourceTree = "<group>"; };
		377491FB2A95F83B005A4F60 /* footer19.jpeg */ = {isa = PBXFileReference; lastKnownFileType = image.jpeg; path = footer19.jpeg; sourceTree = "<group>"; };
		377491FC2A95F83B005A4F60 /* footer9.jpeg */ = {isa = PBXFileReference; lastKnownFileType = image.jpeg; path = footer9.jpeg; sourceTree = "<group>"; };
		377491FD2A95F83B005A4F60 /* footer8.jpeg */ = {isa = PBXFileReference; lastKnownFileType = image.jpeg; path = footer8.jpeg; sourceTree = "<group>"; };
		377491FE2A95F83B005A4F60 /* footer7.jpeg */ = {isa = PBXFileReference; lastKnownFileType = image.jpeg; path = footer7.jpeg; sourceTree = "<group>"; };
		377491FF2A95F83B005A4F60 /* footer16.jpeg */ = {isa = PBXFileReference; lastKnownFileType = image.jpeg; path = footer16.jpeg; sourceTree = "<group>"; };
		377492002A95F83B005A4F60 /* footer14.jpeg */ = {isa = PBXFileReference; lastKnownFileType = image.jpeg; path = footer14.jpeg; sourceTree = "<group>"; };
		377492012A95F83B005A4F60 /* footer21.jpeg */ = {isa = PBXFileReference; lastKnownFileType = image.jpeg; path = footer21.jpeg; sourceTree = "<group>"; };
		377492022A95F83B005A4F60 /* footer10.jpeg */ = {isa = PBXFileReference; lastKnownFileType = image.jpeg; path = footer10.jpeg; sourceTree = "<group>"; };
		377492032A95F83B005A4F60 /* footer12.jpeg */ = {isa = PBXFileReference; lastKnownFileType = image.jpeg; path = footer12.jpeg; sourceTree = "<group>"; };
		377492042A95F83B005A4F60 /* footer11.jpeg */ = {isa = PBXFileReference; lastKnownFileType = image.jpeg; path = footer11.jpeg; sourceTree = "<group>"; };
		377492052A95F83B005A4F60 /* footer15.jpeg */ = {isa = PBXFileReference; lastKnownFileType = image.jpeg; path = footer15.jpeg; sourceTree = "<group>"; };
		377492062A95F83B005A4F60 /* footer20.jpeg */ = {isa = PBXFileReference; lastKnownFileType = image.jpeg; path = footer20.jpeg; sourceTree = "<group>"; };
		377492072A95F83B005A4F60 /* footer22.jpeg */ = {isa = PBXFileReference; lastKnownFileType = image.jpeg; path = footer22.jpeg; sourceTree = "<group>"; };
		377492082A95F83B005A4F60 /* footer27.jpeg */ = {isa = PBXFileReference; lastKnownFileType = image.jpeg; path = footer27.jpeg; sourceTree = "<group>"; };
		377492092A95F83C005A4F60 /* footer23.jpeg */ = {isa = PBXFileReference; lastKnownFileType = image.jpeg; path = footer23.jpeg; sourceTree = "<group>"; };
		3774920A2A95F83C005A4F60 /* footer30.jpeg */ = {isa = PBXFileReference; lastKnownFileType = image.jpeg; path = footer30.jpeg; sourceTree = "<group>"; };
		3774920B2A95F83C005A4F60 /* footer24.jpeg */ = {isa = PBXFileReference; lastKnownFileType = image.jpeg; path = footer24.jpeg; sourceTree = "<group>"; };
		3774922A2A95F84D005A4F60 /* footer103.jpeg */ = {isa = PBXFileReference; lastKnownFileType = image.jpeg; path = footer103.jpeg; sourceTree = "<group>"; };
		3774922B2A95F84D005A4F60 /* footer106.jpeg */ = {isa = PBXFileReference; lastKnownFileType = image.jpeg; path = footer106.jpeg; sourceTree = "<group>"; };
		3774922C2A95F84D005A4F60 /* footer107.jpeg */ = {isa = PBXFileReference; lastKnownFileType = image.jpeg; path = footer107.jpeg; sourceTree = "<group>"; };
		3774922D2A95F84D005A4F60 /* footer101.jpeg */ = {isa = PBXFileReference; lastKnownFileType = image.jpeg; path = footer101.jpeg; sourceTree = "<group>"; };
		3774922E2A95F84D005A4F60 /* footer74.jpeg */ = {isa = PBXFileReference; lastKnownFileType = image.jpeg; path = footer74.jpeg; sourceTree = "<group>"; };
		3774922F2A95F84E005A4F60 /* footer76.jpeg */ = {isa = PBXFileReference; lastKnownFileType = image.jpeg; path = footer76.jpeg; sourceTree = "<group>"; };
		377492302A95F84E005A4F60 /* footer121.jpeg */ = {isa = PBXFileReference; lastKnownFileType = image.jpeg; path = footer121.jpeg; sourceTree = "<group>"; };
		377492312A95F84E005A4F60 /* footer61.jpeg */ = {isa = PBXFileReference; lastKnownFileType = image.jpeg; path = footer61.jpeg; sourceTree = "<group>"; };
		377492322A95F84E005A4F60 /* footer114.jpeg */ = {isa = PBXFileReference; lastKnownFileType = image.jpeg; path = footer114.jpeg; sourceTree = "<group>"; };
		377492332A95F84E005A4F60 /* footer90.jpeg */ = {isa = PBXFileReference; lastKnownFileType = image.jpeg; path = footer90.jpeg; sourceTree = "<group>"; };
		377492342A95F84E005A4F60 /* footer124.jpeg */ = {isa = PBXFileReference; lastKnownFileType = image.jpeg; path = footer124.jpeg; sourceTree = "<group>"; };
		377492352A95F84E005A4F60 /* footer85.jpeg */ = {isa = PBXFileReference; lastKnownFileType = image.jpeg; path = footer85.jpeg; sourceTree = "<group>"; };
		377492362A95F84E005A4F60 /* footer120.jpeg */ = {isa = PBXFileReference; lastKnownFileType = image.jpeg; path = footer120.jpeg; sourceTree = "<group>"; };
		377492372A95F84E005A4F60 /* footer132.jpeg */ = {isa = PBXFileReference; lastKnownFileType = image.jpeg; path = footer132.jpeg; sourceTree = "<group>"; };
		377492382A95F84E005A4F60 /* footer71.jpeg */ = {isa = PBXFileReference; lastKnownFileType = image.jpeg; path = footer71.jpeg; sourceTree = "<group>"; };
		377492392A95F84E005A4F60 /* footer115.jpeg */ = {isa = PBXFileReference; lastKnownFileType = image.jpeg; path = footer115.jpeg; sourceTree = "<group>"; };
		3774923A2A95F84E005A4F60 /* footer130.jpeg */ = {isa = PBXFileReference; lastKnownFileType = image.jpeg; path = footer130.jpeg; sourceTree = "<group>"; };
		3774923B2A95F84E005A4F60 /* footer72.jpeg */ = {isa = PBXFileReference; lastKnownFileType = image.jpeg; path = footer72.jpeg; sourceTree = "<group>"; };
		3774923C2A95F84E005A4F60 /* footer84.jpeg */ = {isa = PBXFileReference; lastKnownFileType = image.jpeg; path = footer84.jpeg; sourceTree = "<group>"; };
		3774923D2A95F84E005A4F60 /* footer81.jpeg */ = {isa = PBXFileReference; lastKnownFileType = image.jpeg; path = footer81.jpeg; sourceTree = "<group>"; };
		3774923E2A95F84E005A4F60 /* footer129.jpeg */ = {isa = PBXFileReference; lastKnownFileType = image.jpeg; path = footer129.jpeg; sourceTree = "<group>"; };
		3774923F2A95F84E005A4F60 /* footer68.jpeg */ = {isa = PBXFileReference; lastKnownFileType = image.jpeg; path = footer68.jpeg; sourceTree = "<group>"; };
		377492402A95F84E005A4F60 /* footer108.jpeg */ = {isa = PBXFileReference; lastKnownFileType = image.jpeg; path = footer108.jpeg; sourceTree = "<group>"; };
		377492412A95F84E005A4F60 /* footer126.jpeg */ = {isa = PBXFileReference; lastKnownFileType = image.jpeg; path = footer126.jpeg; sourceTree = "<group>"; };
		377492422A95F84E005A4F60 /* footer92.jpeg */ = {isa = PBXFileReference; lastKnownFileType = image.jpeg; path = footer92.jpeg; sourceTree = "<group>"; };
		377492432A95F84E005A4F60 /* footer73.jpeg */ = {isa = PBXFileReference; lastKnownFileType = image.jpeg; path = footer73.jpeg; sourceTree = "<group>"; };
		377492442A95F84E005A4F60 /* footer127.jpeg */ = {isa = PBXFileReference; lastKnownFileType = image.jpeg; path = footer127.jpeg; sourceTree = "<group>"; };
		377492452A95F84E005A4F60 /* footer38.jpeg */ = {isa = PBXFileReference; lastKnownFileType = image.jpeg; path = footer38.jpeg; sourceTree = "<group>"; };
		377492462A95F84E005A4F60 /* footer83.jpeg */ = {isa = PBXFileReference; lastKnownFileType = image.jpeg; path = footer83.jpeg; sourceTree = "<group>"; };
		377492472A95F84E005A4F60 /* footer57.jpeg */ = {isa = PBXFileReference; lastKnownFileType = image.jpeg; path = footer57.jpeg; sourceTree = "<group>"; };
		377492482A95F84E005A4F60 /* footer49.jpeg */ = {isa = PBXFileReference; lastKnownFileType = image.jpeg; path = footer49.jpeg; sourceTree = "<group>"; };
		377492492A95F84E005A4F60 /* footer42.jpeg */ = {isa = PBXFileReference; lastKnownFileType = image.jpeg; path = footer42.jpeg; sourceTree = "<group>"; };
		3774924A2A95F84E005A4F60 /* footer122.jpeg */ = {isa = PBXFileReference; lastKnownFileType = image.jpeg; path = footer122.jpeg; sourceTree = "<group>"; };
		3774924B2A95F84E005A4F60 /* footer67.jpeg */ = {isa = PBXFileReference; lastKnownFileType = image.jpeg; path = footer67.jpeg; sourceTree = "<group>"; };
		3774924C2A95F84F005A4F60 /* footer110.jpeg */ = {isa = PBXFileReference; lastKnownFileType = image.jpeg; path = footer110.jpeg; sourceTree = "<group>"; };
		3774924D2A95F84F005A4F60 /* footer91.jpeg */ = {isa = PBXFileReference; lastKnownFileType = image.jpeg; path = footer91.jpeg; sourceTree = "<group>"; };
		3774924E2A95F84F005A4F60 /* footer128.jpeg */ = {isa = PBXFileReference; lastKnownFileType = image.jpeg; path = footer128.jpeg; sourceTree = "<group>"; };
		3774924F2A95F84F005A4F60 /* footer45.jpeg */ = {isa = PBXFileReference; lastKnownFileType = image.jpeg; path = footer45.jpeg; sourceTree = "<group>"; };
		377492502A95F84F005A4F60 /* footer109.jpeg */ = {isa = PBXFileReference; lastKnownFileType = image.jpeg; path = footer109.jpeg; sourceTree = "<group>"; };
		377492512A95F84F005A4F60 /* footer56.jpeg */ = {isa = PBXFileReference; lastKnownFileType = image.jpeg; path = footer56.jpeg; sourceTree = "<group>"; };
		377492522A95F84F005A4F60 /* footer53.jpeg */ = {isa = PBXFileReference; lastKnownFileType = image.jpeg; path = footer53.jpeg; sourceTree = "<group>"; };
		377492532A95F84F005A4F60 /* footer79.jpeg */ = {isa = PBXFileReference; lastKnownFileType = image.jpeg; path = footer79.jpeg; sourceTree = "<group>"; };
		377492542A95F84F005A4F60 /* footer48.jpeg */ = {isa = PBXFileReference; lastKnownFileType = image.jpeg; path = footer48.jpeg; sourceTree = "<group>"; };
		377492552A95F84F005A4F60 /* footer63.jpeg */ = {isa = PBXFileReference; lastKnownFileType = image.jpeg; path = footer63.jpeg; sourceTree = "<group>"; };
		377492562A95F84F005A4F60 /* footer89.jpeg */ = {isa = PBXFileReference; lastKnownFileType = image.jpeg; path = footer89.jpeg; sourceTree = "<group>"; };
		377492572A95F84F005A4F60 /* footer82.jpeg */ = {isa = PBXFileReference; lastKnownFileType = image.jpeg; path = footer82.jpeg; sourceTree = "<group>"; };
		377492582A95F84F005A4F60 /* footer37.jpeg */ = {isa = PBXFileReference; lastKnownFileType = image.jpeg; path = footer37.jpeg; sourceTree = "<group>"; };
		377492592A95F84F005A4F60 /* footer60.jpeg */ = {isa = PBXFileReference; lastKnownFileType = image.jpeg; path = footer60.jpeg; sourceTree = "<group>"; };
		3774925A2A95F84F005A4F60 /* footer96.jpeg */ = {isa = PBXFileReference; lastKnownFileType = image.jpeg; path = footer96.jpeg; sourceTree = "<group>"; };
		3774925B2A95F84F005A4F60 /* footer50.jpeg */ = {isa = PBXFileReference; lastKnownFileType = image.jpeg; path = footer50.jpeg; sourceTree = "<group>"; };
		3774925C2A95F84F005A4F60 /* footer75.jpeg */ = {isa = PBXFileReference; lastKnownFileType = image.jpeg; path = footer75.jpeg; sourceTree = "<group>"; };
		3774925D2A95F84F005A4F60 /* footer40.jpeg */ = {isa = PBXFileReference; lastKnownFileType = image.jpeg; path = footer40.jpeg; sourceTree = "<group>"; };
		3774925E2A95F84F005A4F60 /* footer95.jpeg */ = {isa = PBXFileReference; lastKnownFileType = image.jpeg; path = footer95.jpeg; sourceTree = "<group>"; };
		3774925F2A95F84F005A4F60 /* footer99.jpeg */ = {isa = PBXFileReference; lastKnownFileType = image.jpeg; path = footer99.jpeg; sourceTree = "<group>"; };
		377492602A95F84F005A4F60 /* footer66.jpeg */ = {isa = PBXFileReference; lastKnownFileType = image.jpeg; path = footer66.jpeg; sourceTree = "<group>"; };
		377492612A95F84F005A4F60 /* footer43.jpeg */ = {isa = PBXFileReference; lastKnownFileType = image.jpeg; path = footer43.jpeg; sourceTree = "<group>"; };
		377492622A95F84F005A4F60 /* footer44.jpeg */ = {isa = PBXFileReference; lastKnownFileType = image.jpeg; path = footer44.jpeg; sourceTree = "<group>"; };
		377492632A95F84F005A4F60 /* footer54.jpeg */ = {isa = PBXFileReference; lastKnownFileType = image.jpeg; path = footer54.jpeg; sourceTree = "<group>"; };
		377492642A95F84F005A4F60 /* footer47.jpeg */ = {isa = PBXFileReference; lastKnownFileType = image.jpeg; path = footer47.jpeg; sourceTree = "<group>"; };
		377492652A95F84F005A4F60 /* footer64.jpeg */ = {isa = PBXFileReference; lastKnownFileType = image.jpeg; path = footer64.jpeg; sourceTree = "<group>"; };
		377492662A95F84F005A4F60 /* footer93.jpeg */ = {isa = PBXFileReference; lastKnownFileType = image.jpeg; path = footer93.jpeg; sourceTree = "<group>"; };
		377492672A95F850005A4F60 /* footer46.jpeg */ = {isa = PBXFileReference; lastKnownFileType = image.jpeg; path = footer46.jpeg; sourceTree = "<group>"; };
		377492682A95F850005A4F60 /* footer119.jpeg */ = {isa = PBXFileReference; lastKnownFileType = image.jpeg; path = footer119.jpeg; sourceTree = "<group>"; };
		377492692A95F850005A4F60 /* footer55.jpeg */ = {isa = PBXFileReference; lastKnownFileType = image.jpeg; path = footer55.jpeg; sourceTree = "<group>"; };
		3774926A2A95F850005A4F60 /* footer105.jpeg */ = {isa = PBXFileReference; lastKnownFileType = image.jpeg; path = footer105.jpeg; sourceTree = "<group>"; };
		3774926B2A95F850005A4F60 /* footer100.jpeg */ = {isa = PBXFileReference; lastKnownFileType = image.jpeg; path = footer100.jpeg; sourceTree = "<group>"; };
		3774926C2A95F850005A4F60 /* footer59.jpeg */ = {isa = PBXFileReference; lastKnownFileType = image.jpeg; path = footer59.jpeg; sourceTree = "<group>"; };
		3774926D2A95F850005A4F60 /* footer31.jpeg */ = {isa = PBXFileReference; lastKnownFileType = image.jpeg; path = footer31.jpeg; sourceTree = "<group>"; };
		3774926E2A95F850005A4F60 /* footer111.jpeg */ = {isa = PBXFileReference; lastKnownFileType = image.jpeg; path = footer111.jpeg; sourceTree = "<group>"; };
		3774926F2A95F850005A4F60 /* footer36.jpeg */ = {isa = PBXFileReference; lastKnownFileType = image.jpeg; path = footer36.jpeg; sourceTree = "<group>"; };
		377492702A95F850005A4F60 /* footer35.jpeg */ = {isa = PBXFileReference; lastKnownFileType = image.jpeg; path = footer35.jpeg; sourceTree = "<group>"; };
		377492712A95F850005A4F60 /* footer32.jpeg */ = {isa = PBXFileReference; lastKnownFileType = image.jpeg; path = footer32.jpeg; sourceTree = "<group>"; };
		377492722A95F850005A4F60 /* footer51.jpeg */ = {isa = PBXFileReference; lastKnownFileType = image.jpeg; path = footer51.jpeg; sourceTree = "<group>"; };
		377492732A95F850005A4F60 /* footer102.jpeg */ = {isa = PBXFileReference; lastKnownFileType = image.jpeg; path = footer102.jpeg; sourceTree = "<group>"; };
		377492742A95F850005A4F60 /* footer33.jpeg */ = {isa = PBXFileReference; lastKnownFileType = image.jpeg; path = footer33.jpeg; sourceTree = "<group>"; };
		377492752A95F850005A4F60 /* footer39.jpeg */ = {isa = PBXFileReference; lastKnownFileType = image.jpeg; path = footer39.jpeg; sourceTree = "<group>"; };
		377492762A95F850005A4F60 /* footer112.jpeg */ = {isa = PBXFileReference; lastKnownFileType = image.jpeg; path = footer112.jpeg; sourceTree = "<group>"; };
		377492772A95F850005A4F60 /* footer117.jpeg */ = {isa = PBXFileReference; lastKnownFileType = image.jpeg; path = footer117.jpeg; sourceTree = "<group>"; };
		377492782A95F850005A4F60 /* footer87.jpeg */ = {isa = PBXFileReference; lastKnownFileType = image.jpeg; path = footer87.jpeg; sourceTree = "<group>"; };
		377492792A95F850005A4F60 /* footer104.jpeg */ = {isa = PBXFileReference; lastKnownFileType = image.jpeg; path = footer104.jpeg; sourceTree = "<group>"; };
		3774927A2A95F850005A4F60 /* footer52.jpeg */ = {isa = PBXFileReference; lastKnownFileType = image.jpeg; path = footer52.jpeg; sourceTree = "<group>"; };
		3774927B2A95F850005A4F60 /* footer41.jpeg */ = {isa = PBXFileReference; lastKnownFileType = image.jpeg; path = footer41.jpeg; sourceTree = "<group>"; };
		3774927C2A95F850005A4F60 /* footer131.jpeg */ = {isa = PBXFileReference; lastKnownFileType = image.jpeg; path = footer131.jpeg; sourceTree = "<group>"; };
		3774927D2A95F850005A4F60 /* footer80.jpeg */ = {isa = PBXFileReference; lastKnownFileType = image.jpeg; path = footer80.jpeg; sourceTree = "<group>"; };
		3774927E2A95F850005A4F60 /* footer98.jpeg */ = {isa = PBXFileReference; lastKnownFileType = image.jpeg; path = footer98.jpeg; sourceTree = "<group>"; };
		3774927F2A95F850005A4F60 /* footer65.jpeg */ = {isa = PBXFileReference; lastKnownFileType = image.jpeg; path = footer65.jpeg; sourceTree = "<group>"; };
		377492802A95F850005A4F60 /* footer34.jpeg */ = {isa = PBXFileReference; lastKnownFileType = image.jpeg; path = footer34.jpeg; sourceTree = "<group>"; };
		377492812A95F850005A4F60 /* footer113.jpeg */ = {isa = PBXFileReference; lastKnownFileType = image.jpeg; path = footer113.jpeg; sourceTree = "<group>"; };
		377492822A95F850005A4F60 /* footer116.jpeg */ = {isa = PBXFileReference; lastKnownFileType = image.jpeg; path = footer116.jpeg; sourceTree = "<group>"; };
		377492832A95F850005A4F60 /* footer77.jpeg */ = {isa = PBXFileReference; lastKnownFileType = image.jpeg; path = footer77.jpeg; sourceTree = "<group>"; };
		377492842A95F850005A4F60 /* footer97.jpeg */ = {isa = PBXFileReference; lastKnownFileType = image.jpeg; path = footer97.jpeg; sourceTree = "<group>"; };
		377492852A95F850005A4F60 /* footer123.jpeg */ = {isa = PBXFileReference; lastKnownFileType = image.jpeg; path = footer123.jpeg; sourceTree = "<group>"; };
		377492862A95F851005A4F60 /* footer69.jpeg */ = {isa = PBXFileReference; lastKnownFileType = image.jpeg; path = footer69.jpeg; sourceTree = "<group>"; };
		377492872A95F851005A4F60 /* footer70.jpeg */ = {isa = PBXFileReference; lastKnownFileType = image.jpeg; path = footer70.jpeg; sourceTree = "<group>"; };
		377492882A95F851005A4F60 /* footer58.jpeg */ = {isa = PBXFileReference; lastKnownFileType = image.jpeg; path = footer58.jpeg; sourceTree = "<group>"; };
		377492892A95F851005A4F60 /* footer125.jpeg */ = {isa = PBXFileReference; lastKnownFileType = image.jpeg; path = footer125.jpeg; sourceTree = "<group>"; };
		3774928A2A95F851005A4F60 /* footer78.jpeg */ = {isa = PBXFileReference; lastKnownFileType = image.jpeg; path = footer78.jpeg; sourceTree = "<group>"; };
		3774928B2A95F851005A4F60 /* footer62.jpeg */ = {isa = PBXFileReference; lastKnownFileType = image.jpeg; path = footer62.jpeg; sourceTree = "<group>"; };
		3774928C2A95F851005A4F60 /* footer86.jpeg */ = {isa = PBXFileReference; lastKnownFileType = image.jpeg; path = footer86.jpeg; sourceTree = "<group>"; };
		3774928D2A95F851005A4F60 /* footer118.jpeg */ = {isa = PBXFileReference; lastKnownFileType = image.jpeg; path = footer118.jpeg; sourceTree = "<group>"; };
		3774928E2A95F851005A4F60 /* footer88.jpeg */ = {isa = PBXFileReference; lastKnownFileType = image.jpeg; path = footer88.jpeg; sourceTree = "<group>"; };
		3774928F2A95F851005A4F60 /* footer94.jpeg */ = {isa = PBXFileReference; lastKnownFileType = image.jpeg; path = footer94.jpeg; sourceTree = "<group>"; };
		378BDA562A93522200A2DCDB /* YourBaseRequest.m */ = {isa = PBXFileReference; fileEncoding = 4; lastKnownFileType = sourcecode.c.objc; path = YourBaseRequest.m; sourceTree = "<group>"; };
		378BDA572A93522200A2DCDB /* XXXListResult.m */ = {isa = PBXFileReference; fileEncoding = 4; lastKnownFileType = sourcecode.c.objc; path = XXXListResult.m; sourceTree = "<group>"; };
		378BDA582A93522200A2DCDB /* XXXListRequest.h */ = {isa = PBXFileReference; fileEncoding = 4; lastKnownFileType = sourcecode.c.h; path = XXXListRequest.h; sourceTree = "<group>"; };
		378BDA592A93522200A2DCDB /* YourBaseResponse.m */ = {isa = PBXFileReference; fileEncoding = 4; lastKnownFileType = sourcecode.c.objc; path = YourBaseResponse.m; sourceTree = "<group>"; };
		378BDA5C2A93522200A2DCDB /* XXXListResult.h */ = {isa = PBXFileReference; fileEncoding = 4; lastKnownFileType = sourcecode.c.h; path = XXXListResult.h; sourceTree = "<group>"; };
		378BDA5D2A93522200A2DCDB /* YourBaseRequest.h */ = {isa = PBXFileReference; fileEncoding = 4; lastKnownFileType = sourcecode.c.h; path = YourBaseRequest.h; sourceTree = "<group>"; };
		378BDA5E2A93522200A2DCDB /* YourBaseResponse.h */ = {isa = PBXFileReference; fileEncoding = 4; lastKnownFileType = sourcecode.c.h; path = YourBaseResponse.h; sourceTree = "<group>"; };
		378BDA5F2A93522200A2DCDB /* XXXListRequest.m */ = {isa = PBXFileReference; fileEncoding = 4; lastKnownFileType = sourcecode.c.objc; path = XXXListRequest.m; sourceTree = "<group>"; };
		4CA0C19A4C8E586AEBC61DD7 /* Pods_LSYListViewDataSourceDemo.framework */ = {isa = PBXFileReference; explicitFileType = wrapper.framework; includeInIndex = 0; path = Pods_LSYListViewDataSourceDemo.framework; sourceTree = BUILT_PRODUCTS_DIR; };
		8FB71DB746D7D42F1E6505E1 /* Pods-LSYListViewDataSourceDemo.debug.xcconfig */ = {isa = PBXFileReference; includeInIndex = 1; lastKnownFileType = text.xcconfig; name = "Pods-LSYListViewDataSourceDemo.debug.xcconfig"; path = "Target Support Files/Pods-LSYListViewDataSourceDemo/Pods-LSYListViewDataSourceDemo.debug.xcconfig"; sourceTree = "<group>"; };
/* End PBXFileReference section */

/* Begin PBXFrameworksBuildPhase section */
		376AAF0A2A8B2AD00055CF0F /* Frameworks */ = {
			isa = PBXFrameworksBuildPhase;
			buildActionMask = 2147483647;
			files = (
				05FC0F8092193A4253C982C5 /* Pods_LSYListViewDataSourceDemo.framework in Frameworks */,
			);
			runOnlyForDeploymentPostprocessing = 0;
		};
/* End PBXFrameworksBuildPhase section */

/* Begin PBXGroup section */
		376AAF042A8B2AD00055CF0F = {
			isa = PBXGroup;
			children = (
				376AAF0F2A8B2AD00055CF0F /* LSYListViewDataSourceDemo */,
				376AAF0E2A8B2AD00055CF0F /* Products */,
				54E9020C8541C5EC84CE1586 /* Pods */,
				F05D9BD59C240660086E8DBD /* Frameworks */,
			);
			sourceTree = "<group>";
		};
		376AAF0E2A8B2AD00055CF0F /* Products */ = {
			isa = PBXGroup;
			children = (
				376AAF0D2A8B2AD00055CF0F /* LSYListViewDataSourceDemo.app */,
			);
			name = Products;
			sourceTree = "<group>";
		};
		376AAF0F2A8B2AD00055CF0F /* LSYListViewDataSourceDemo */ = {
			isa = PBXGroup;
			children = (
				377490E52A95F7CE005A4F60 /* footer */,
				377490542A95EC03005A4F60 /* header */,
				376AAF292A8B2F2E0055CF0F /* LSYListViewDataSource */,
				378BDA552A93522200A2DCDB /* Network */,
				376AAF102A8B2AD00055CF0F /* AppDelegate.h */,
				376AAF112A8B2AD00055CF0F /* AppDelegate.m */,
				376AAF132A8B2AD00055CF0F /* SceneDelegate.h */,
				376AAF142A8B2AD00055CF0F /* SceneDelegate.m */,
				376AAF162A8B2AD00055CF0F /* ViewController.h */,
				376AAF172A8B2AD00055CF0F /* ViewController.m */,
				376AAF2D2A8B4C280055CF0F /* TableViewController.h */,
				376AAF2E2A8B4C280055CF0F /* TableViewController.m */,
				376AAF3D2A8BA0380055CF0F /* CollectionViewController.h */,
				376AAF3E2A8BA0380055CF0F /* CollectionViewController.m */,
				376AAF402A8BA5E50055CF0F /* CollectionViewCell.h */,
				376AAF412A8BA5E50055CF0F /* CollectionViewCell.m */,
				376B964D2A8CE9C000D3FB46 /* GifRefreshHeader.h */,
				376B964E2A8CE9C000D3FB46 /* GifRefreshHeader.m */,
				376B96502A8D013100D3FB46 /* GifRefreshFooter.h */,
				376B96512A8D013100D3FB46 /* GifRefreshFooter.m */,
				376AAF192A8B2AD00055CF0F /* Main.storyboard */,
				376AAF1C2A8B2AD10055CF0F /* Assets.xcassets */,
				376AAF1E2A8B2AD10055CF0F /* LaunchScreen.storyboard */,
				376AAF212A8B2AD10055CF0F /* Info.plist */,
				376AAF222A8B2AD10055CF0F /* main.m */,
			);
			path = LSYListViewDataSourceDemo;
			sourceTree = "<group>";
		};
		376AAF292A8B2F2E0055CF0F /* LSYListViewDataSource */ = {
			isa = PBXGroup;
			children = (
				376AAF332A8B4E4F0055CF0F /* LSYListViewDataSource.h */,
				376AAF342A8B4E4F0055CF0F /* LSYListViewDataSource.m */,
				376AAF372A8B6FD90055CF0F /* LSYTableViewDataSource.h */,
				376AAF382A8B6FD90055CF0F /* LSYTableViewDataSource.m */,
				376AAF3A2A8B6FF00055CF0F /* LSYCollectionViewDataSource.h */,
				376AAF3B2A8B6FF00055CF0F /* LSYCollectionViewDataSource.m */,
			);
			name = LSYListViewDataSource;
			path = ../../LSYListViewDataSource;
			sourceTree = "<group>";
		};
		377490542A95EC03005A4F60 /* header */ = {
			isa = PBXGroup;
			children = (
				377490BC2A95F407005A4F60 /* header1.jpeg */,
				377490C02A95F407005A4F60 /* header2.jpeg */,
				377490BB2A95F407005A4F60 /* header3.jpeg */,
				377490C82A95F407005A4F60 /* header4.jpeg */,
				377490BF2A95F407005A4F60 /* header5.jpeg */,
				377490B72A95F407005A4F60 /* header6.jpeg */,
				377490BE2A95F407005A4F60 /* header7.jpeg */,
				377490C42A95F407005A4F60 /* header8.jpeg */,
				377490C12A95F407005A4F60 /* header9.jpeg */,
				377490C32A95F407005A4F60 /* header10.jpeg */,
				377490C22A95F407005A4F60 /* header11.jpeg */,
				377490BD2A95F407005A4F60 /* header12.jpeg */,
				377490C92A95F407005A4F60 /* header13.jpeg */,
				377490CA2A95F407005A4F60 /* header14.jpeg */,
				377490B92A95F407005A4F60 /* header15.jpeg */,
				377490CB2A95F407005A4F60 /* header16.jpeg */,
				377490CC2A95F407005A4F60 /* header17.jpeg */,
				377490C72A95F407005A4F60 /* header18.jpeg */,
				377490C52A95F407005A4F60 /* header19.jpeg */,
				377490B82A95F407005A4F60 /* header20.jpeg */,
				377490BA2A95F407005A4F60 /* header21.jpeg */,
				377490C62A95F407005A4F60 /* header22.jpeg */,
				377490B62A95F407005A4F60 /* header23.jpeg */,
				377490B52A95F407005A4F60 /* header24.jpeg */,
			);
			path = header;
			sourceTree = "<group>";
		};
		377490E52A95F7CE005A4F60 /* footer */ = {
			isa = PBXGroup;
			children = (
				377491FA2A95F83B005A4F60 /* footer1.jpeg */,
				377491F42A95F83B005A4F60 /* footer2.jpeg */,
				377491F02A95F83B005A4F60 /* footer3.jpeg */,
				377491F22A95F83B005A4F60 /* footer4.jpeg */,
				377491F72A95F83B005A4F60 /* footer5.jpeg */,
				377491F32A95F83B005A4F60 /* footer6.jpeg */,
				377491FE2A95F83B005A4F60 /* footer7.jpeg */,
				377491FD2A95F83B005A4F60 /* footer8.jpeg */,
				377491FC2A95F83B005A4F60 /* footer9.jpeg */,
				377492022A95F83B005A4F60 /* footer10.jpeg */,
				377492042A95F83B005A4F60 /* footer11.jpeg */,
				377492032A95F83B005A4F60 /* footer12.jpeg */,
				377491EE2A95F83B005A4F60 /* footer13.jpeg */,
				377492002A95F83B005A4F60 /* footer14.jpeg */,
				377492052A95F83B005A4F60 /* footer15.jpeg */,
				377491FF2A95F83B005A4F60 /* footer16.jpeg */,
				377491F62A95F83B005A4F60 /* footer17.jpeg */,
				377491F52A95F83B005A4F60 /* footer18.jpeg */,
				377491FB2A95F83B005A4F60 /* footer19.jpeg */,
				377492062A95F83B005A4F60 /* footer20.jpeg */,
				377492012A95F83B005A4F60 /* footer21.jpeg */,
				377492072A95F83B005A4F60 /* footer22.jpeg */,
				377492092A95F83C005A4F60 /* footer23.jpeg */,
				3774920B2A95F83C005A4F60 /* footer24.jpeg */,
				377491F12A95F83B005A4F60 /* footer25.jpeg */,
				377491F92A95F83B005A4F60 /* footer26.jpeg */,
				377492082A95F83B005A4F60 /* footer27.jpeg */,
				377491F82A95F83B005A4F60 /* footer28.jpeg */,
				377491EF2A95F83B005A4F60 /* footer29.jpeg */,
				3774920A2A95F83C005A4F60 /* footer30.jpeg */,
				3774926D2A95F850005A4F60 /* footer31.jpeg */,
				377492712A95F850005A4F60 /* footer32.jpeg */,
				377492742A95F850005A4F60 /* footer33.jpeg */,
				377492802A95F850005A4F60 /* footer34.jpeg */,
				377492702A95F850005A4F60 /* footer35.jpeg */,
				3774926F2A95F850005A4F60 /* footer36.jpeg */,
				377492582A95F84F005A4F60 /* footer37.jpeg */,
				377492452A95F84E005A4F60 /* footer38.jpeg */,
				377492752A95F850005A4F60 /* footer39.jpeg */,
				3774925D2A95F84F005A4F60 /* footer40.jpeg */,
				3774927B2A95F850005A4F60 /* footer41.jpeg */,
				377492492A95F84E005A4F60 /* footer42.jpeg */,
				377492612A95F84F005A4F60 /* footer43.jpeg */,
				377492622A95F84F005A4F60 /* footer44.jpeg */,
				3774924F2A95F84F005A4F60 /* footer45.jpeg */,
				377492672A95F850005A4F60 /* footer46.jpeg */,
				377492642A95F84F005A4F60 /* footer47.jpeg */,
				377492542A95F84F005A4F60 /* footer48.jpeg */,
				377492482A95F84E005A4F60 /* footer49.jpeg */,
				3774925B2A95F84F005A4F60 /* footer50.jpeg */,
				377492722A95F850005A4F60 /* footer51.jpeg */,
				3774927A2A95F850005A4F60 /* footer52.jpeg */,
				377492522A95F84F005A4F60 /* footer53.jpeg */,
				377492632A95F84F005A4F60 /* footer54.jpeg */,
				377492692A95F850005A4F60 /* footer55.jpeg */,
				377492512A95F84F005A4F60 /* footer56.jpeg */,
				377492472A95F84E005A4F60 /* footer57.jpeg */,
				377492882A95F851005A4F60 /* footer58.jpeg */,
				3774926C2A95F850005A4F60 /* footer59.jpeg */,
				377492592A95F84F005A4F60 /* footer60.jpeg */,
				377492312A95F84E005A4F60 /* footer61.jpeg */,
				3774928B2A95F851005A4F60 /* footer62.jpeg */,
				377492552A95F84F005A4F60 /* footer63.jpeg */,
				377492652A95F84F005A4F60 /* footer64.jpeg */,
				3774927F2A95F850005A4F60 /* footer65.jpeg */,
				377492602A95F84F005A4F60 /* footer66.jpeg */,
				3774924B2A95F84E005A4F60 /* footer67.jpeg */,
				3774923F2A95F84E005A4F60 /* footer68.jpeg */,
				377492862A95F851005A4F60 /* footer69.jpeg */,
				377492872A95F851005A4F60 /* footer70.jpeg */,
				377492382A95F84E005A4F60 /* footer71.jpeg */,
				3774923B2A95F84E005A4F60 /* footer72.jpeg */,
				377492432A95F84E005A4F60 /* footer73.jpeg */,
				3774922E2A95F84D005A4F60 /* footer74.jpeg */,
				3774925C2A95F84F005A4F60 /* footer75.jpeg */,
				3774922F2A95F84E005A4F60 /* footer76.jpeg */,
				377492832A95F850005A4F60 /* footer77.jpeg */,
				3774928A2A95F851005A4F60 /* footer78.jpeg */,
				377492532A95F84F005A4F60 /* footer79.jpeg */,
				3774927D2A95F850005A4F60 /* footer80.jpeg */,
				3774923D2A95F84E005A4F60 /* footer81.jpeg */,
				377492572A95F84F005A4F60 /* footer82.jpeg */,
				377492462A95F84E005A4F60 /* footer83.jpeg */,
				3774923C2A95F84E005A4F60 /* footer84.jpeg */,
				377492352A95F84E005A4F60 /* footer85.jpeg */,
				3774928C2A95F851005A4F60 /* footer86.jpeg */,
				377492782A95F850005A4F60 /* footer87.jpeg */,
				3774928E2A95F851005A4F60 /* footer88.jpeg */,
				377492562A95F84F005A4F60 /* footer89.jpeg */,
				377492332A95F84E005A4F60 /* footer90.jpeg */,
				3774924D2A95F84F005A4F60 /* footer91.jpeg */,
				377492422A95F84E005A4F60 /* footer92.jpeg */,
				377492662A95F84F005A4F60 /* footer93.jpeg */,
				3774928F2A95F851005A4F60 /* footer94.jpeg */,
				3774925E2A95F84F005A4F60 /* footer95.jpeg */,
				3774925A2A95F84F005A4F60 /* footer96.jpeg */,
				377492842A95F850005A4F60 /* footer97.jpeg */,
				3774927E2A95F850005A4F60 /* footer98.jpeg */,
				3774925F2A95F84F005A4F60 /* footer99.jpeg */,
				3774926B2A95F850005A4F60 /* footer100.jpeg */,
				3774922D2A95F84D005A4F60 /* footer101.jpeg */,
				377492732A95F850005A4F60 /* footer102.jpeg */,
				3774922A2A95F84D005A4F60 /* footer103.jpeg */,
				377492792A95F850005A4F60 /* footer104.jpeg */,
				3774926A2A95F850005A4F60 /* footer105.jpeg */,
				3774922B2A95F84D005A4F60 /* footer106.jpeg */,
				3774922C2A95F84D005A4F60 /* footer107.jpeg */,
				377492402A95F84E005A4F60 /* footer108.jpeg */,
				377492502A95F84F005A4F60 /* footer109.jpeg */,
				3774924C2A95F84F005A4F60 /* footer110.jpeg */,
				3774926E2A95F850005A4F60 /* footer111.jpeg */,
				377492762A95F850005A4F60 /* footer112.jpeg */,
				377492812A95F850005A4F60 /* footer113.jpeg */,
				377492322A95F84E005A4F60 /* footer114.jpeg */,
				377492392A95F84E005A4F60 /* footer115.jpeg */,
				377492822A95F850005A4F60 /* footer116.jpeg */,
				377492772A95F850005A4F60 /* footer117.jpeg */,
				3774928D2A95F851005A4F60 /* footer118.jpeg */,
				377492682A95F850005A4F60 /* footer119.jpeg */,
				377492362A95F84E005A4F60 /* footer120.jpeg */,
				377492302A95F84E005A4F60 /* footer121.jpeg */,
				3774924A2A95F84E005A4F60 /* footer122.jpeg */,
				377492852A95F850005A4F60 /* footer123.jpeg */,
				377492342A95F84E005A4F60 /* footer124.jpeg */,
				377492892A95F851005A4F60 /* footer125.jpeg */,
				377492412A95F84E005A4F60 /* footer126.jpeg */,
				377492442A95F84E005A4F60 /* footer127.jpeg */,
				3774924E2A95F84F005A4F60 /* footer128.jpeg */,
				3774923E2A95F84E005A4F60 /* footer129.jpeg */,
				3774923A2A95F84E005A4F60 /* footer130.jpeg */,
				3774927C2A95F850005A4F60 /* footer131.jpeg */,
				377492372A95F84E005A4F60 /* footer132.jpeg */,
			);
			path = footer;
			sourceTree = "<group>";
		};
		378BDA552A93522200A2DCDB /* Network */ = {
			isa = PBXGroup;
			children = (
				378BDA5D2A93522200A2DCDB /* YourBaseRequest.h */,
				378BDA562A93522200A2DCDB /* YourBaseRequest.m */,
				378BDA5E2A93522200A2DCDB /* YourBaseResponse.h */,
				378BDA592A93522200A2DCDB /* YourBaseResponse.m */,
				378BDA582A93522200A2DCDB /* XXXListRequest.h */,
				378BDA5F2A93522200A2DCDB /* XXXListRequest.m */,
				378BDA5C2A93522200A2DCDB /* XXXListResult.h */,
				378BDA572A93522200A2DCDB /* XXXListResult.m */,
			);
			path = Network;
			sourceTree = "<group>";
		};
		54E9020C8541C5EC84CE1586 /* Pods */ = {
			isa = PBXGroup;
			children = (
				8FB71DB746D7D42F1E6505E1 /* Pods-LSYListViewDataSourceDemo.debug.xcconfig */,
				2549FB69FEFE6973D0565ED1 /* Pods-LSYListViewDataSourceDemo.release.xcconfig */,
			);
			path = Pods;
			sourceTree = "<group>";
		};
		F05D9BD59C240660086E8DBD /* Frameworks */ = {
			isa = PBXGroup;
			children = (
				4CA0C19A4C8E586AEBC61DD7 /* Pods_LSYListViewDataSourceDemo.framework */,
			);
			name = Frameworks;
			sourceTree = "<group>";
		};
/* End PBXGroup section */

/* Begin PBXNativeTarget section */
		376AAF0C2A8B2AD00055CF0F /* LSYListViewDataSourceDemo */ = {
			isa = PBXNativeTarget;
			buildConfigurationList = 376AAF262A8B2AD10055CF0F /* Build configuration list for PBXNativeTarget "LSYListViewDataSourceDemo" */;
			buildPhases = (
				62D831862BA8D5BF92A13B9F /* [CP] Check Pods Manifest.lock */,
				376AAF092A8B2AD00055CF0F /* Sources */,
				376AAF0A2A8B2AD00055CF0F /* Frameworks */,
				376AAF0B2A8B2AD00055CF0F /* Resources */,
				B3D6422100F52C4D70639D31 /* [CP] Embed Pods Frameworks */,
			);
			buildRules = (
			);
			dependencies = (
			);
			name = LSYListViewDataSourceDemo;
			productName = LSYListViewDataSourceDemo;
			productReference = 376AAF0D2A8B2AD00055CF0F /* LSYListViewDataSourceDemo.app */;
			productType = "com.apple.product-type.application";
		};
/* End PBXNativeTarget section */

/* Begin PBXProject section */
		376AAF052A8B2AD00055CF0F /* Project object */ = {
			isa = PBXProject;
			attributes = {
				BuildIndependentTargetsInParallel = 1;
				LastUpgradeCheck = 1420;
				TargetAttributes = {
					376AAF0C2A8B2AD00055CF0F = {
						CreatedOnToolsVersion = 14.2;
					};
				};
			};
			buildConfigurationList = 376AAF082A8B2AD00055CF0F /* Build configuration list for PBXProject "LSYListViewDataSourceDemo" */;
			compatibilityVersion = "Xcode 14.0";
			developmentRegion = en;
			hasScannedForEncodings = 0;
			knownRegions = (
				en,
				Base,
			);
			mainGroup = 376AAF042A8B2AD00055CF0F;
			productRefGroup = 376AAF0E2A8B2AD00055CF0F /* Products */;
			projectDirPath = "";
			projectRoot = "";
			targets = (
				376AAF0C2A8B2AD00055CF0F /* LSYListViewDataSourceDemo */,
			);
		};
/* End PBXProject section */

/* Begin PBXResourcesBuildPhase section */
		376AAF0B2A8B2AD00055CF0F /* Resources */ = {
			isa = PBXResourcesBuildPhase;
			buildActionMask = 2147483647;
			files = (
				377490D12A95F407005A4F60 /* header15.jpeg in Resources */,
				377492922A95F851005A4F60 /* footer107.jpeg in Resources */,
				377492122A95F83C005A4F60 /* footer2.jpeg in Resources */,
				377492A32A95F851005A4F60 /* footer81.jpeg in Resources */,
				377492912A95F851005A4F60 /* footer106.jpeg in Resources */,
				377492EF2A95F851005A4F60 /* footer125.jpeg in Resources */,
				377492AE2A95F851005A4F60 /* footer49.jpeg in Resources */,
				377492BD2A95F851005A4F60 /* footer82.jpeg in Resources */,
				377492E82A95F851005A4F60 /* footer116.jpeg in Resources */,
				377492242A95F83C005A4F60 /* footer20.jpeg in Resources */,
				377492962A95F851005A4F60 /* footer121.jpeg in Resources */,
				377492DB2A95F851005A4F60 /* footer39.jpeg in Resources */,
				377492C52A95F851005A4F60 /* footer99.jpeg in Resources */,
				377492B82A95F851005A4F60 /* footer53.jpeg in Resources */,
				377492BE2A95F851005A4F60 /* footer37.jpeg in Resources */,
				377492CD2A95F851005A4F60 /* footer46.jpeg in Resources */,
				377492C72A95F851005A4F60 /* footer43.jpeg in Resources */,
				377492972A95F851005A4F60 /* footer61.jpeg in Resources */,
				377492942A95F851005A4F60 /* footer74.jpeg in Resources */,
				3774921A2A95F83C005A4F60 /* footer9.jpeg in Resources */,
				377492CC2A95F851005A4F60 /* footer93.jpeg in Resources */,
				377490CD2A95F407005A4F60 /* header24.jpeg in Resources */,
				377490D92A95F407005A4F60 /* header9.jpeg in Resources */,
				377492102A95F83C005A4F60 /* footer4.jpeg in Resources */,
				377492D32A95F851005A4F60 /* footer31.jpeg in Resources */,
				3774921D2A95F83C005A4F60 /* footer16.jpeg in Resources */,
				377492BA2A95F851005A4F60 /* footer48.jpeg in Resources */,
				377492F02A95F851005A4F60 /* footer78.jpeg in Resources */,
				3774920D2A95F83C005A4F60 /* footer29.jpeg in Resources */,
				377492292A95F83C005A4F60 /* footer24.jpeg in Resources */,
				377492F22A95F851005A4F60 /* footer86.jpeg in Resources */,
				377492DC2A95F851005A4F60 /* footer112.jpeg in Resources */,
				377492212A95F83C005A4F60 /* footer12.jpeg in Resources */,
				377492B12A95F851005A4F60 /* footer67.jpeg in Resources */,
				377492D42A95F851005A4F60 /* footer111.jpeg in Resources */,
				377492DE2A95F851005A4F60 /* footer87.jpeg in Resources */,
				377492CF2A95F851005A4F60 /* footer55.jpeg in Resources */,
				3774929A2A95F851005A4F60 /* footer124.jpeg in Resources */,
				377490E42A95F407005A4F60 /* header17.jpeg in Resources */,
				377490DB2A95F407005A4F60 /* header10.jpeg in Resources */,
				377492D92A95F851005A4F60 /* footer102.jpeg in Resources */,
				377492182A95F83C005A4F60 /* footer1.jpeg in Resources */,
				377492B92A95F851005A4F60 /* footer79.jpeg in Resources */,
				377492AC2A95F851005A4F60 /* footer83.jpeg in Resources */,
				377490CE2A95F407005A4F60 /* header23.jpeg in Resources */,
				377490E02A95F407005A4F60 /* header4.jpeg in Resources */,
				377492AD2A95F851005A4F60 /* footer57.jpeg in Resources */,
				377492CE2A95F851005A4F60 /* footer119.jpeg in Resources */,
				377492262A95F83C005A4F60 /* footer27.jpeg in Resources */,
				377492D12A95F851005A4F60 /* footer100.jpeg in Resources */,
				377492E22A95F851005A4F60 /* footer131.jpeg in Resources */,
				3774920E2A95F83C005A4F60 /* footer3.jpeg in Resources */,
				3774929E2A95F851005A4F60 /* footer71.jpeg in Resources */,
				377492A62A95F851005A4F60 /* footer108.jpeg in Resources */,
				377492992A95F851005A4F60 /* footer90.jpeg in Resources */,
				377490E12A95F407005A4F60 /* header13.jpeg in Resources */,
				377490DA2A95F407005A4F60 /* header11.jpeg in Resources */,
				377492A22A95F851005A4F60 /* footer84.jpeg in Resources */,
				377490D42A95F407005A4F60 /* header1.jpeg in Resources */,
				377492BC2A95F851005A4F60 /* footer89.jpeg in Resources */,
				377492952A95F851005A4F60 /* footer76.jpeg in Resources */,
				377492232A95F83C005A4F60 /* footer15.jpeg in Resources */,
				377490E32A95F407005A4F60 /* header16.jpeg in Resources */,
				377492CA2A95F851005A4F60 /* footer47.jpeg in Resources */,
				377492DF2A95F851005A4F60 /* footer104.jpeg in Resources */,
				377492B32A95F851005A4F60 /* footer91.jpeg in Resources */,
				377490D72A95F407005A4F60 /* header5.jpeg in Resources */,
				377490D22A95F407005A4F60 /* header21.jpeg in Resources */,
				377492DD2A95F851005A4F60 /* footer117.jpeg in Resources */,
				377492CB2A95F851005A4F60 /* footer64.jpeg in Resources */,
				3774921F2A95F83C005A4F60 /* footer21.jpeg in Resources */,
				377490D32A95F407005A4F60 /* header3.jpeg in Resources */,
				377492F12A95F851005A4F60 /* footer62.jpeg in Resources */,
				377492112A95F83C005A4F60 /* footer6.jpeg in Resources */,
				3774929F2A95F851005A4F60 /* footer115.jpeg in Resources */,
				3774929C2A95F851005A4F60 /* footer120.jpeg in Resources */,
				377492E42A95F851005A4F60 /* footer98.jpeg in Resources */,
				377492C02A95F851005A4F60 /* footer96.jpeg in Resources */,
				377492282A95F83C005A4F60 /* footer30.jpeg in Resources */,
				377492AA2A95F851005A4F60 /* footer127.jpeg in Resources */,
				377492C42A95F851005A4F60 /* footer95.jpeg in Resources */,
				376AAF202A8B2AD10055CF0F /* LaunchScreen.storyboard in Resources */,
				377490CF2A95F407005A4F60 /* header6.jpeg in Resources */,
				377492AB2A95F851005A4F60 /* footer38.jpeg in Resources */,
				377492E32A95F851005A4F60 /* footer80.jpeg in Resources */,
				377492222A95F83C005A4F60 /* footer11.jpeg in Resources */,
				377492AF2A95F851005A4F60 /* footer42.jpeg in Resources */,
				377490D82A95F407005A4F60 /* header2.jpeg in Resources */,
				377492192A95F83C005A4F60 /* footer19.jpeg in Resources */,
				377492EE2A95F851005A4F60 /* footer58.jpeg in Resources */,
				377492C82A95F851005A4F60 /* footer44.jpeg in Resources */,
				376AAF1D2A8B2AD10055CF0F /* Assets.xcassets in Resources */,
				3774921E2A95F83C005A4F60 /* footer14.jpeg in Resources */,
				377492E62A95F851005A4F60 /* footer34.jpeg in Resources */,
				377492B02A95F851005A4F60 /* footer122.jpeg in Resources */,
				377492A92A95F851005A4F60 /* footer73.jpeg in Resources */,
				377490E22A95F407005A4F60 /* header14.jpeg in Resources */,
				3774921B2A95F83C005A4F60 /* footer8.jpeg in Resources */,
				377492ED2A95F851005A4F60 /* footer70.jpeg in Resources */,
				377492272A95F83C005A4F60 /* footer23.jpeg in Resources */,
				377492E52A95F851005A4F60 /* footer65.jpeg in Resources */,
				377492EB2A95F851005A4F60 /* footer123.jpeg in Resources */,
				377492B72A95F851005A4F60 /* footer56.jpeg in Resources */,
				377492E12A95F851005A4F60 /* footer41.jpeg in Resources */,
				377492F32A95F851005A4F60 /* footer118.jpeg in Resources */,
				377492252A95F83C005A4F60 /* footer22.jpeg in Resources */,
				377492142A95F83C005A4F60 /* footer17.jpeg in Resources */,
				377492E92A95F851005A4F60 /* footer77.jpeg in Resources */,
				377492152A95F83C005A4F60 /* footer5.jpeg in Resources */,
				377492C62A95F851005A4F60 /* footer66.jpeg in Resources */,
				377492D62A95F851005A4F60 /* footer35.jpeg in Resources */,
				377492DA2A95F851005A4F60 /* footer33.jpeg in Resources */,
				377492EA2A95F851005A4F60 /* footer97.jpeg in Resources */,
				377492B52A95F851005A4F60 /* footer45.jpeg in Resources */,
				377492202A95F83C005A4F60 /* footer10.jpeg in Resources */,
				3774929B2A95F851005A4F60 /* footer85.jpeg in Resources */,
				3774921C2A95F83C005A4F60 /* footer7.jpeg in Resources */,
				3774920F2A95F83C005A4F60 /* footer25.jpeg in Resources */,
				377492172A95F83C005A4F60 /* footer26.jpeg in Resources */,
				377492BB2A95F851005A4F60 /* footer63.jpeg in Resources */,
				377490D52A95F407005A4F60 /* header12.jpeg in Resources */,
				377492BF2A95F851005A4F60 /* footer60.jpeg in Resources */,
				377492E72A95F851005A4F60 /* footer113.jpeg in Resources */,
				377492F52A95F851005A4F60 /* footer94.jpeg in Resources */,
				377492B22A95F851005A4F60 /* footer110.jpeg in Resources */,
				377492F42A95F851005A4F60 /* footer88.jpeg in Resources */,
				377492C32A95F851005A4F60 /* footer40.jpeg in Resources */,
				377492D52A95F851005A4F60 /* footer36.jpeg in Resources */,
				377492162A95F83C005A4F60 /* footer28.jpeg in Resources */,
				377492C92A95F851005A4F60 /* footer54.jpeg in Resources */,
				377492B62A95F851005A4F60 /* footer109.jpeg in Resources */,
				377492A52A95F851005A4F60 /* footer68.jpeg in Resources */,
				3774920C2A95F83C005A4F60 /* footer13.jpeg in Resources */,
				377492B42A95F851005A4F60 /* footer128.jpeg in Resources */,
				377492A82A95F851005A4F60 /* footer92.jpeg in Resources */,
				377492A42A95F851005A4F60 /* footer129.jpeg in Resources */,
				377490DE2A95F407005A4F60 /* header22.jpeg in Resources */,
				377490D02A95F407005A4F60 /* header20.jpeg in Resources */,
				377492D72A95F851005A4F60 /* footer32.jpeg in Resources */,
				377492A02A95F851005A4F60 /* footer130.jpeg in Resources */,
				377492C12A95F851005A4F60 /* footer50.jpeg in Resources */,
				377490DF2A95F407005A4F60 /* header18.jpeg in Resources */,
				377492C22A95F851005A4F60 /* footer75.jpeg in Resources */,
				377492D82A95F851005A4F60 /* footer51.jpeg in Resources */,
				377490DD2A95F407005A4F60 /* header19.jpeg in Resources */,
				377492A12A95F851005A4F60 /* footer72.jpeg in Resources */,
				377492902A95F851005A4F60 /* footer103.jpeg in Resources */,
				377492D22A95F851005A4F60 /* footer59.jpeg in Resources */,
				377492932A95F851005A4F60 /* footer101.jpeg in Resources */,
				377492E02A95F851005A4F60 /* footer52.jpeg in Resources */,
				377492EC2A95F851005A4F60 /* footer69.jpeg in Resources */,
				377492982A95F851005A4F60 /* footer114.jpeg in Resources */,
				377492132A95F83C005A4F60 /* footer18.jpeg in Resources */,
				377490D62A95F407005A4F60 /* header7.jpeg in Resources */,
				3774929D2A95F851005A4F60 /* footer132.jpeg in Resources */,
				377492A72A95F851005A4F60 /* footer126.jpeg in Resources */,
				377492D02A95F851005A4F60 /* footer105.jpeg in Resources */,
				376AAF1B2A8B2AD00055CF0F /* Main.storyboard in Resources */,
				377490DC2A95F407005A4F60 /* header8.jpeg in Resources */,
			);
			runOnlyForDeploymentPostprocessing = 0;
		};
/* End PBXResourcesBuildPhase section */

/* Begin PBXShellScriptBuildPhase section */
		62D831862BA8D5BF92A13B9F /* [CP] Check Pods Manifest.lock */ = {
			isa = PBXShellScriptBuildPhase;
			buildActionMask = 2147483647;
			files = (
			);
			inputFileListPaths = (
			);
			inputPaths = (
				"${PODS_PODFILE_DIR_PATH}/Podfile.lock",
				"${PODS_ROOT}/Manifest.lock",
			);
			name = "[CP] Check Pods Manifest.lock";
			outputFileListPaths = (
			);
			outputPaths = (
				"$(DERIVED_FILE_DIR)/Pods-LSYListViewDataSourceDemo-checkManifestLockResult.txt",
			);
			runOnlyForDeploymentPostprocessing = 0;
			shellPath = /bin/sh;
			shellScript = "diff \"${PODS_PODFILE_DIR_PATH}/Podfile.lock\" \"${PODS_ROOT}/Manifest.lock\" > /dev/null\nif [ $? != 0 ] ; then\n    # print error to STDERR\n    echo \"error: The sandbox is not in sync with the Podfile.lock. Run 'pod install' or update your CocoaPods installation.\" >&2\n    exit 1\nfi\n# This output is used by Xcode 'outputs' to avoid re-running this script phase.\necho \"SUCCESS\" > \"${SCRIPT_OUTPUT_FILE_0}\"\n";
			showEnvVarsInLog = 0;
		};
		B3D6422100F52C4D70639D31 /* [CP] Embed Pods Frameworks */ = {
			isa = PBXShellScriptBuildPhase;
			buildActionMask = 2147483647;
			files = (
			);
			inputFileListPaths = (
				"${PODS_ROOT}/Target Support Files/Pods-LSYListViewDataSourceDemo/Pods-LSYListViewDataSourceDemo-frameworks-${CONFIGURATION}-input-files.xcfilelist",
			);
			name = "[CP] Embed Pods Frameworks";
			outputFileListPaths = (
				"${PODS_ROOT}/Target Support Files/Pods-LSYListViewDataSourceDemo/Pods-LSYListViewDataSourceDemo-frameworks-${CONFIGURATION}-output-files.xcfilelist",
			);
			runOnlyForDeploymentPostprocessing = 0;
			shellPath = /bin/sh;
			shellScript = "\"${PODS_ROOT}/Target Support Files/Pods-LSYListViewDataSourceDemo/Pods-LSYListViewDataSourceDemo-frameworks.sh\"\n";
			showEnvVarsInLog = 0;
		};
/* End PBXShellScriptBuildPhase section */

/* Begin PBXSourcesBuildPhase section */
		376AAF092A8B2AD00055CF0F /* Sources */ = {
			isa = PBXSourcesBuildPhase;
			buildActionMask = 2147483647;
			files = (
				376AAF182A8B2AD00055CF0F /* ViewController.m in Sources */,
				376B96522A8D013100D3FB46 /* GifRefreshFooter.m in Sources */,
				376AAF2F2A8B4C280055CF0F /* TableViewController.m in Sources */,
				376AAF3C2A8B6FF00055CF0F /* LSYCollectionViewDataSource.m in Sources */,
				378BDA622A93522200A2DCDB /* XXXListResult.m in Sources */,
				376AAF122A8B2AD00055CF0F /* AppDelegate.m in Sources */,
				378BDA632A93522200A2DCDB /* YourBaseResponse.m in Sources */,
				376AAF232A8B2AD10055CF0F /* main.m in Sources */,
				376AAF352A8B4E4F0055CF0F /* LSYListViewDataSource.m in Sources */,
				378BDA612A93522200A2DCDB /* YourBaseRequest.m in Sources */,
				376AAF422A8BA5E50055CF0F /* CollectionViewCell.m in Sources */,
				378BDA662A93522200A2DCDB /* XXXListRequest.m in Sources */,
				376AAF392A8B6FD90055CF0F /* LSYTableViewDataSource.m in Sources */,
				376B964F2A8CE9C000D3FB46 /* GifRefreshHeader.m in Sources */,
				376AAF152A8B2AD00055CF0F /* SceneDelegate.m in Sources */,
				376AAF3F2A8BA0380055CF0F /* CollectionViewController.m in Sources */,
			);
			runOnlyForDeploymentPostprocessing = 0;
		};
/* End PBXSourcesBuildPhase section */

/* Begin PBXVariantGroup section */
		376AAF192A8B2AD00055CF0F /* Main.storyboard */ = {
			isa = PBXVariantGroup;
			children = (
				376AAF1A2A8B2AD00055CF0F /* Base */,
			);
			name = Main.storyboard;
			sourceTree = "<group>";
		};
		376AAF1E2A8B2AD10055CF0F /* LaunchScreen.storyboard */ = {
			isa = PBXVariantGroup;
			children = (
				376AAF1F2A8B2AD10055CF0F /* Base */,
			);
			name = LaunchScreen.storyboard;
			sourceTree = "<group>";
		};
/* End PBXVariantGroup section */

/* Begin XCBuildConfiguration section */
		376AAF242A8B2AD10055CF0F /* Debug */ = {
			isa = XCBuildConfiguration;
			buildSettings = {
				ALWAYS_SEARCH_USER_PATHS = NO;
				CLANG_ANALYZER_NONNULL = YES;
				CLANG_ANALYZER_NUMBER_OBJECT_CONVERSION = YES_AGGRESSIVE;
				CLANG_CXX_LANGUAGE_STANDARD = "gnu++20";
				CLANG_ENABLE_MODULES = YES;
				CLANG_ENABLE_OBJC_ARC = YES;
				CLANG_ENABLE_OBJC_WEAK = YES;
				CLANG_WARN_BLOCK_CAPTURE_AUTORELEASING = YES;
				CLANG_WARN_BOOL_CONVERSION = YES;
				CLANG_WARN_COMMA = YES;
				CLANG_WARN_CONSTANT_CONVERSION = YES;
				CLANG_WARN_DEPRECATED_OBJC_IMPLEMENTATIONS = YES;
				CLANG_WARN_DIRECT_OBJC_ISA_USAGE = YES_ERROR;
				CLANG_WARN_DOCUMENTATION_COMMENTS = YES;
				CLANG_WARN_EMPTY_BODY = YES;
				CLANG_WARN_ENUM_CONVERSION = YES;
				CLANG_WARN_INFINITE_RECURSION = YES;
				CLANG_WARN_INT_CONVERSION = YES;
				CLANG_WARN_NON_LITERAL_NULL_CONVERSION = YES;
				CLANG_WARN_OBJC_IMPLICIT_RETAIN_SELF = YES;
				CLANG_WARN_OBJC_LITERAL_CONVERSION = YES;
				CLANG_WARN_OBJC_ROOT_CLASS = YES_ERROR;
				CLANG_WARN_QUOTED_INCLUDE_IN_FRAMEWORK_HEADER = YES;
				CLANG_WARN_RANGE_LOOP_ANALYSIS = YES;
				CLANG_WARN_STRICT_PROTOTYPES = YES;
				CLANG_WARN_SUSPICIOUS_MOVE = YES;
				CLANG_WARN_UNGUARDED_AVAILABILITY = YES_AGGRESSIVE;
				CLANG_WARN_UNREACHABLE_CODE = YES;
				CLANG_WARN__DUPLICATE_METHOD_MATCH = YES;
				COPY_PHASE_STRIP = NO;
				DEBUG_INFORMATION_FORMAT = dwarf;
				ENABLE_STRICT_OBJC_MSGSEND = YES;
				ENABLE_TESTABILITY = YES;
				GCC_C_LANGUAGE_STANDARD = gnu11;
				GCC_DYNAMIC_NO_PIC = NO;
				GCC_NO_COMMON_BLOCKS = YES;
				GCC_OPTIMIZATION_LEVEL = 0;
				GCC_PREPROCESSOR_DEFINITIONS = (
					"DEBUG=1",
					"$(inherited)",
				);
				GCC_WARN_64_TO_32_BIT_CONVERSION = YES;
				GCC_WARN_ABOUT_RETURN_TYPE = YES_ERROR;
				GCC_WARN_UNDECLARED_SELECTOR = YES;
				GCC_WARN_UNINITIALIZED_AUTOS = YES_AGGRESSIVE;
				GCC_WARN_UNUSED_FUNCTION = YES;
				GCC_WARN_UNUSED_VARIABLE = YES;
				IPHONEOS_DEPLOYMENT_TARGET = 16.2;
				MTL_ENABLE_DEBUG_INFO = INCLUDE_SOURCE;
				MTL_FAST_MATH = YES;
				ONLY_ACTIVE_ARCH = YES;
				SDKROOT = iphoneos;
			};
			name = Debug;
		};
		376AAF252A8B2AD10055CF0F /* Release */ = {
			isa = XCBuildConfiguration;
			buildSettings = {
				ALWAYS_SEARCH_USER_PATHS = NO;
				CLANG_ANALYZER_NONNULL = YES;
				CLANG_ANALYZER_NUMBER_OBJECT_CONVERSION = YES_AGGRESSIVE;
				CLANG_CXX_LANGUAGE_STANDARD = "gnu++20";
				CLANG_ENABLE_MODULES = YES;
				CLANG_ENABLE_OBJC_ARC = YES;
				CLANG_ENABLE_OBJC_WEAK = YES;
				CLANG_WARN_BLOCK_CAPTURE_AUTORELEASING = YES;
				CLANG_WARN_BOOL_CONVERSION = YES;
				CLANG_WARN_COMMA = YES;
				CLANG_WARN_CONSTANT_CONVERSION = YES;
				CLANG_WARN_DEPRECATED_OBJC_IMPLEMENTATIONS = YES;
				CLANG_WARN_DIRECT_OBJC_ISA_USAGE = YES_ERROR;
				CLANG_WARN_DOCUMENTATION_COMMENTS = YES;
				CLANG_WARN_EMPTY_BODY = YES;
				CLANG_WARN_ENUM_CONVERSION = YES;
				CLANG_WARN_INFINITE_RECURSION = YES;
				CLANG_WARN_INT_CONVERSION = YES;
				CLANG_WARN_NON_LITERAL_NULL_CONVERSION = YES;
				CLANG_WARN_OBJC_IMPLICIT_RETAIN_SELF = YES;
				CLANG_WARN_OBJC_LITERAL_CONVERSION = YES;
				CLANG_WARN_OBJC_ROOT_CLASS = YES_ERROR;
				CLANG_WARN_QUOTED_INCLUDE_IN_FRAMEWORK_HEADER = YES;
				CLANG_WARN_RANGE_LOOP_ANALYSIS = YES;
				CLANG_WARN_STRICT_PROTOTYPES = YES;
				CLANG_WARN_SUSPICIOUS_MOVE = YES;
				CLANG_WARN_UNGUARDED_AVAILABILITY = YES_AGGRESSIVE;
				CLANG_WARN_UNREACHABLE_CODE = YES;
				CLANG_WARN__DUPLICATE_METHOD_MATCH = YES;
				COPY_PHASE_STRIP = NO;
				DEBUG_INFORMATION_FORMAT = "dwarf-with-dsym";
				ENABLE_NS_ASSERTIONS = NO;
				ENABLE_STRICT_OBJC_MSGSEND = YES;
				GCC_C_LANGUAGE_STANDARD = gnu11;
				GCC_NO_COMMON_BLOCKS = YES;
				GCC_WARN_64_TO_32_BIT_CONVERSION = YES;
				GCC_WARN_ABOUT_RETURN_TYPE = YES_ERROR;
				GCC_WARN_UNDECLARED_SELECTOR = YES;
				GCC_WARN_UNINITIALIZED_AUTOS = YES_AGGRESSIVE;
				GCC_WARN_UNUSED_FUNCTION = YES;
				GCC_WARN_UNUSED_VARIABLE = YES;
				IPHONEOS_DEPLOYMENT_TARGET = 16.2;
				MTL_ENABLE_DEBUG_INFO = NO;
				MTL_FAST_MATH = YES;
				SDKROOT = iphoneos;
				VALIDATE_PRODUCT = YES;
			};
			name = Release;
		};
		376AAF272A8B2AD10055CF0F /* Debug */ = {
			isa = XCBuildConfiguration;
			baseConfigurationReference = 8FB71DB746D7D42F1E6505E1 /* Pods-LSYListViewDataSourceDemo.debug.xcconfig */;
			buildSettings = {
				ASSETCATALOG_COMPILER_APPICON_NAME = AppIcon;
				ASSETCATALOG_COMPILER_GLOBAL_ACCENT_COLOR_NAME = AccentColor;
				CLANG_WARN_OBJC_IMPLICIT_RETAIN_SELF = NO;
				CODE_SIGN_STYLE = Automatic;
				CURRENT_PROJECT_VERSION = 1;
				GENERATE_INFOPLIST_FILE = YES;
				INFOPLIST_FILE = LSYListViewDataSourceDemo/Info.plist;
				INFOPLIST_KEY_UIApplicationSupportsIndirectInputEvents = YES;
				INFOPLIST_KEY_UILaunchStoryboardName = LaunchScreen;
				INFOPLIST_KEY_UIMainStoryboardFile = Main;
				INFOPLIST_KEY_UISupportedInterfaceOrientations_iPad = "UIInterfaceOrientationPortrait UIInterfaceOrientationPortraitUpsideDown UIInterfaceOrientationLandscapeLeft UIInterfaceOrientationLandscapeRight";
				INFOPLIST_KEY_UISupportedInterfaceOrientations_iPhone = "UIInterfaceOrientationPortrait UIInterfaceOrientationLandscapeLeft UIInterfaceOrientationLandscapeRight";
				IPHONEOS_DEPLOYMENT_TARGET = 11.0;
				LD_RUNPATH_SEARCH_PATHS = (
					"$(inherited)",
					"@executable_path/Frameworks",
				);
				MARKETING_VERSION = 1.0;
				PRODUCT_BUNDLE_IDENTIFIER = lsy.LSYListViewDataSourceDemo;
				PRODUCT_NAME = "$(TARGET_NAME)";
				SWIFT_EMIT_LOC_STRINGS = YES;
				TARGETED_DEVICE_FAMILY = "1,2";
			};
			name = Debug;
		};
		376AAF282A8B2AD10055CF0F /* Release */ = {
			isa = XCBuildConfiguration;
			baseConfigurationReference = 2549FB69FEFE6973D0565ED1 /* Pods-LSYListViewDataSourceDemo.release.xcconfig */;
			buildSettings = {
				ASSETCATALOG_COMPILER_APPICON_NAME = AppIcon;
				ASSETCATALOG_COMPILER_GLOBAL_ACCENT_COLOR_NAME = AccentColor;
				CLANG_WARN_OBJC_IMPLICIT_RETAIN_SELF = NO;
				CODE_SIGN_STYLE = Automatic;
				CURRENT_PROJECT_VERSION = 1;
				GENERATE_INFOPLIST_FILE = YES;
				INFOPLIST_FILE = LSYListViewDataSourceDemo/Info.plist;
				INFOPLIST_KEY_UIApplicationSupportsIndirectInputEvents = YES;
				INFOPLIST_KEY_UILaunchStoryboardName = LaunchScreen;
				INFOPLIST_KEY_UIMainStoryboardFile = Main;
				INFOPLIST_KEY_UISupportedInterfaceOrientations_iPad = "UIInterfaceOrientationPortrait UIInterfaceOrientationPortraitUpsideDown UIInterfaceOrientationLandscapeLeft UIInterfaceOrientationLandscapeRight";
				INFOPLIST_KEY_UISupportedInterfaceOrientations_iPhone = "UIInterfaceOrientationPortrait UIInterfaceOrientationLandscapeLeft UIInterfaceOrientationLandscapeRight";
				IPHONEOS_DEPLOYMENT_TARGET = 11.0;
				LD_RUNPATH_SEARCH_PATHS = (
					"$(inherited)",
					"@executable_path/Frameworks",
				);
				MARKETING_VERSION = 1.0;
				PRODUCT_BUNDLE_IDENTIFIER = lsy.LSYListViewDataSourceDemo;
				PRODUCT_NAME = "$(TARGET_NAME)";
				SWIFT_EMIT_LOC_STRINGS = YES;
				TARGETED_DEVICE_FAMILY = "1,2";
			};
			name = Release;
		};
/* End XCBuildConfiguration section */

/* Begin XCConfigurationList section */
		376AAF082A8B2AD00055CF0F /* Build configuration list for PBXProject "LSYListViewDataSourceDemo" */ = {
			isa = XCConfigurationList;
			buildConfigurations = (
				376AAF242A8B2AD10055CF0F /* Debug */,
				376AAF252A8B2AD10055CF0F /* Release */,
			);
			defaultConfigurationIsVisible = 0;
			defaultConfigurationName = Release;
		};
		376AAF262A8B2AD10055CF0F /* Build configuration list for PBXNativeTarget "LSYListViewDataSourceDemo" */ = {
			isa = XCConfigurationList;
			buildConfigurations = (
				376AAF272A8B2AD10055CF0F /* Debug */,
				376AAF282A8B2AD10055CF0F /* Release */,
			);
			defaultConfigurationIsVisible = 0;
			defaultConfigurationName = Release;
		};
/* End XCConfigurationList section */
	};
	rootObject = 376AAF052A8B2AD00055CF0F /* Project object */;
}
