// !$*UTF8*$!
{
	archiveVersion = 1;
	classes = {
	};
	objectVersion = 56;
	objects = {

/* Begin PBXBuildFile section */
		05FC0F8092193A4253C982C5 /* Pods_LSYListViewDataSourceDemo.framework in Frameworks */ = {isa = PBXBuildFile; fileRef = 4CA0C19A4C8E586AEBC61DD7 /* Pods_LSYListViewDataSourceDemo.framework */; };
		376AAF122A8B2AD00055CF0F /* AppDelegate.m in Sources */ = {isa = PBXBuildFile; fileRef = 376AAF112A8B2AD00055CF0F /* AppDelegate.m */; };
		376AAF152A8B2AD00055CF0F /* SceneDelegate.m in Sources */ = {isa = PBXBuildFile; fileRef = 376AAF142A8B2AD00055CF0F /* SceneDelegate.m */; };
		376AAF182A8B2AD00055CF0F /* ViewController.m in Sources */ = {isa = PBXBuildFile; fileRef = 376AAF172A8B2AD00055CF0F /* ViewController.m */; };
		376AAF1B2A8B2AD00055CF0F /* Main.storyboard in Resources */ = {isa = PBXBuildFile; fileRef = 376AAF192A8B2AD00055CF0F /* Main.storyboard */; };
		376AAF1D2A8B2AD10055CF0F /* Assets.xcassets in Resources */ = {isa = PBXBuildFile; fileRef = 376AAF1C2A8B2AD10055CF0F /* Assets.xcassets */; };
		376AAF202A8B2AD10055CF0F /* LaunchScreen.storyboard in Resources */ = {isa = PBXBuildFile; fileRef = 376AAF1E2A8B2AD10055CF0F /* LaunchScreen.storyboard */; };
		376AAF232A8B2AD10055CF0F /* main.m in Sources */ = {isa = PBXBuildFile; fileRef = 376AAF222A8B2AD10055CF0F /* main.m */; };
		376AAF2F2A8B4C280055CF0F /* TableViewController.m in Sources */ = {isa = PBXBuildFile; fileRef = 376AAF2E2A8B4C280055CF0F /* TableViewController.m */; };
		376AAF352A8B4E4F0055CF0F /* LSYListViewDataSource.m in Sources */ = {isa = PBXBuildFile; fileRef = 376AAF342A8B4E4F0055CF0F /* LSYListViewDataSource.m */; };
		376AAF392A8B6FD90055CF0F /* LSYTableViewDataSource.m in Sources */ = {isa = PBXBuildFile; fileRef = 376AAF382A8B6FD90055CF0F /* LSYTableViewDataSource.m */; };
		376AAF3C2A8B6FF00055CF0F /* LSYCollectionViewDataSource.m in Sources */ = {isa = PBXBuildFile; fileRef = 376AAF3B2A8B6FF00055CF0F /* LSYCollectionViewDataSource.m */; };
		376AAF3F2A8BA0380055CF0F /* CollectionViewController.m in Sources */ = {isa = PBXBuildFile; fileRef = 376AAF3E2A8BA0380055CF0F /* CollectionViewController.m */; };
		376AAF422A8BA5E50055CF0F /* CollectionViewCell.m in Sources */ = {isa = PBXBuildFile; fileRef = 376AAF412A8BA5E50055CF0F /* CollectionViewCell.m */; };
		376B964F2A8CE9C000D3FB46 /* GifRefreshHeader.m in Sources */ = {isa = PBXBuildFile; fileRef = 376B964E2A8CE9C000D3FB46 /* GifRefreshHeader.m */; };
		376B96522A8D013100D3FB46 /* GifRefreshFooter.m in Sources */ = {isa = PBXBuildFile; fileRef = 376B96512A8D013100D3FB46 /* GifRefreshFooter.m */; };
		378BDA612A93522200A2DCDB /* YourBaseRequest.m in Sources */ = {isa = PBXBuildFile; fileRef = 378BDA562A93522200A2DCDB /* YourBaseRequest.m */; };
		378BDA622A93522200A2DCDB /* XXXListResult.m in Sources */ = {isa = PBXBuildFile; fileRef = 378BDA572A93522200A2DCDB /* XXXListResult.m */; };
		378BDA632A93522200A2DCDB /* YourBaseResponse.m in Sources */ = {isa = PBXBuildFile; fileRef = 378BDA592A93522200A2DCDB /* YourBaseResponse.m */; };
		378BDA662A93522200A2DCDB /* XXXListRequest.m in Sources */ = {isa = PBXBuildFile; fileRef = 378BDA5F2A93522200A2DCDB /* XXXListRequest.m */; };
/* End PBXBuildFile section */

/* Begin PBXFileReference section */
		2549FB69FEFE6973D0565ED1 /* Pods-LSYListViewDataSourceDemo.release.xcconfig */ = {isa = PBXFileReference; includeInIndex = 1; lastKnownFileType = text.xcconfig; name = "Pods-LSYListViewDataSourceDemo.release.xcconfig"; path = "Target Support Files/Pods-LSYListViewDataSourceDemo/Pods-LSYListViewDataSourceDemo.release.xcconfig"; sourceTree = "<group>"; };
		376AAF0D2A8B2AD00055CF0F /* LSYListViewDataSourceDemo.app */ = {isa = PBXFileReference; explicitFileType = wrapper.application; includeInIndex = 0; path = LSYListViewDataSourceDemo.app; sourceTree = BUILT_PRODUCTS_DIR; };
		376AAF102A8B2AD00055CF0F /* AppDelegate.h */ = {isa = PBXFileReference; lastKnownFileType = sourcecode.c.h; path = AppDelegate.h; sourceTree = "<group>"; };
		376AAF112A8B2AD00055CF0F /* AppDelegate.m */ = {isa = PBXFileReference; lastKnownFileType = sourcecode.c.objc; path = AppDelegate.m; sourceTree = "<group>"; };
		376AAF132A8B2AD00055CF0F /* SceneDelegate.h */ = {isa = PBXFileReference; lastKnownFileType = sourcecode.c.h; path = SceneDelegate.h; sourceTree = "<group>"; };
		376AAF142A8B2AD00055CF0F /* SceneDelegate.m */ = {isa = PBXFileReference; lastKnownFileType = sourcecode.c.objc; path = SceneDelegate.m; sourceTree = "<group>"; };
		376AAF162A8B2AD00055CF0F /* ViewController.h */ = {isa = PBXFileReference; lastKnownFileType = sourcecode.c.h; path = ViewController.h; sourceTree = "<group>"; };
		376AAF172A8B2AD00055CF0F /* ViewController.m */ = {isa = PBXFileReference; lastKnownFileType = sourcecode.c.objc; path = ViewController.m; sourceTree = "<group>"; };
		376AAF1A2A8B2AD00055CF0F /* Base */ = {isa = PBXFileReference; lastKnownFileType = file.storyboard; name = Base; path = Base.lproj/Main.storyboard; sourceTree = "<group>"; };
		376AAF1C2A8B2AD10055CF0F /* Assets.xcassets */ = {isa = PBXFileReference; lastKnownFileType = folder.assetcatalog; path = Assets.xcassets; sourceTree = "<group>"; };
		376AAF1F2A8B2AD10055CF0F /* Base */ = {isa = PBXFileReference; lastKnownFileType = file.storyboard; name = Base; path = Base.lproj/LaunchScreen.storyboard; sourceTree = "<group>"; };
		376AAF212A8B2AD10055CF0F /* Info.plist */ = {isa = PBXFileReference; lastKnownFileType = text.plist.xml; path = Info.plist; sourceTree = "<group>"; };
		376AAF222A8B2AD10055CF0F /* main.m */ = {isa = PBXFileReference; lastKnownFileType = sourcecode.c.objc; path = main.m; sourceTree = "<group>"; };
		376AAF2D2A8B4C280055CF0F /* TableViewController.h */ = {isa = PBXFileReference; lastKnownFileType = sourcecode.c.h; path = TableViewController.h; sourceTree = "<group>"; };
		376AAF2E2A8B4C280055CF0F /* TableViewController.m */ = {isa = PBXFileReference; lastKnownFileType = sourcecode.c.objc; path = TableViewController.m; sourceTree = "<group>"; };
		376AAF332A8B4E4F0055CF0F /* LSYListViewDataSource.h */ = {isa = PBXFileReference; lastKnownFileType = sourcecode.c.h; path = LSYListViewDataSource.h; sourceTree = "<group>"; };
		376AAF342A8B4E4F0055CF0F /* LSYListViewDataSource.m */ = {isa = PBXFileReference; lastKnownFileType = sourcecode.c.objc; path = LSYListViewDataSource.m; sourceTree = "<group>"; };
		376AAF372A8B6FD90055CF0F /* LSYTableViewDataSource.h */ = {isa = PBXFileReference; lastKnownFileType = sourcecode.c.h; path = LSYTableViewDataSource.h; sourceTree = "<group>"; };
		376AAF382A8B6FD90055CF0F /* LSYTableViewDataSource.m */ = {isa = PBXFileReference; lastKnownFileType = sourcecode.c.objc; path = LSYTableViewDataSource.m; sourceTree = "<group>"; };
		376AAF3A2A8B6FF00055CF0F /* LSYCollectionViewDataSource.h */ = {isa = PBXFileReference; lastKnownFileType = sourcecode.c.h; path = LSYCollectionViewDataSource.h; sourceTree = "<group>"; };
		376AAF3B2A8B6FF00055CF0F /* LSYCollectionViewDataSource.m */ = {isa = PBXFileReference; lastKnownFileType = sourcecode.c.objc; path = LSYCollectionViewDataSource.m; sourceTree = "<group>"; };
		376AAF3D2A8BA0380055CF0F /* CollectionViewController.h */ = {isa = PBXFileReference; lastKnownFileType = sourcecode.c.h; path = CollectionViewController.h; sourceTree = "<group>"; };
		376AAF3E2A8BA0380055CF0F /* CollectionViewController.m */ = {isa = PBXFileReference; lastKnownFileType = sourcecode.c.objc; path = CollectionViewController.m; sourceTree = "<group>"; };
		376AAF402A8BA5E50055CF0F /* CollectionViewCell.h */ = {isa = PBXFileReference; lastKnownFileType = sourcecode.c.h; path = CollectionViewCell.h; sourceTree = "<group>"; };
		376AAF412A8BA5E50055CF0F /* CollectionViewCell.m */ = {isa = PBXFileReference; lastKnownFileType = sourcecode.c.objc; path = CollectionViewCell.m; sourceTree = "<group>"; };
		376B964D2A8CE9C000D3FB46 /* GifRefreshHeader.h */ = {isa = PBXFileReference; lastKnownFileType = sourcecode.c.h; path = GifRefreshHeader.h; sourceTree = "<group>"; };
		376B964E2A8CE9C000D3FB46 /* GifRefreshHeader.m */ = {isa = PBXFileReference; lastKnownFileType = sourcecode.c.objc; path = GifRefreshHeader.m; sourceTree = "<group>"; };
		376B96502A8D013100D3FB46 /* GifRefreshFooter.h */ = {isa = PBXFileReference; lastKnownFileType = sourcecode.c.h; path = GifRefreshFooter.h; sourceTree = "<group>"; };
		376B96512A8D013100D3FB46 /* GifRefreshFooter.m */ = {isa = PBXFileReference; lastKnownFileType = sourcecode.c.objc; path = GifRefreshFooter.m; sourceTree = "<group>"; };
		378BDA562A93522200A2DCDB /* YourBaseRequest.m */ = {isa = PBXFileReference; fileEncoding = 4; lastKnownFileType = sourcecode.c.objc; path = YourBaseRequest.m; sourceTree = "<group>"; };
		378BDA572A93522200A2DCDB /* XXXListResult.m */ = {isa = PBXFileReference; fileEncoding = 4; lastKnownFileType = sourcecode.c.objc; path = XXXListResult.m; sourceTree = "<group>"; };
		378BDA582A93522200A2DCDB /* XXXListRequest.h */ = {isa = PBXFileReference; fileEncoding = 4; lastKnownFileType = sourcecode.c.h; path = XXXListRequest.h; sourceTree = "<group>"; };
		378BDA592A93522200A2DCDB /* YourBaseResponse.m */ = {isa = PBXFileReference; fileEncoding = 4; lastKnownFileType = sourcecode.c.objc; path = YourBaseResponse.m; sourceTree = "<group>"; };
		378BDA5C2A93522200A2DCDB /* XXXListResult.h */ = {isa = PBXFileReference; fileEncoding = 4; lastKnownFileType = sourcecode.c.h; path = XXXListResult.h; sourceTree = "<group>"; };
		378BDA5D2A93522200A2DCDB /* YourBaseRequest.h */ = {isa = PBXFileReference; fileEncoding = 4; lastKnownFileType = sourcecode.c.h; path = YourBaseRequest.h; sourceTree = "<group>"; };
		378BDA5E2A93522200A2DCDB /* YourBaseResponse.h */ = {isa = PBXFileReference; fileEncoding = 4; lastKnownFileType = sourcecode.c.h; path = YourBaseResponse.h; sourceTree = "<group>"; };
		378BDA5F2A93522200A2DCDB /* XXXListRequest.m */ = {isa = PBXFileReference; fileEncoding = 4; lastKnownFileType = sourcecode.c.objc; path = XXXListRequest.m; sourceTree = "<group>"; };
		4CA0C19A4C8E586AEBC61DD7 /* Pods_LSYListViewDataSourceDemo.framework */ = {isa = PBXFileReference; explicitFileType = wrapper.framework; includeInIndex = 0; path = Pods_LSYListViewDataSourceDemo.framework; sourceTree = BUILT_PRODUCTS_DIR; };
		8FB71DB746D7D42F1E6505E1 /* Pods-LSYListViewDataSourceDemo.debug.xcconfig */ = {isa = PBXFileReference; includeInIndex = 1; lastKnownFileType = text.xcconfig; name = "Pods-LSYListViewDataSourceDemo.debug.xcconfig"; path = "Target Support Files/Pods-LSYListViewDataSourceDemo/Pods-LSYListViewDataSourceDemo.debug.xcconfig"; sourceTree = "<group>"; };
/* End PBXFileReference section */

/* Begin PBXFrameworksBuildPhase section */
		376AAF0A2A8B2AD00055CF0F /* Frameworks */ = {
			isa = PBXFrameworksBuildPhase;
			buildActionMask = 2147483647;
			files = (
				05FC0F8092193A4253C982C5 /* Pods_LSYListViewDataSourceDemo.framework in Frameworks */,
			);
			runOnlyForDeploymentPostprocessing = 0;
		};
/* End PBXFrameworksBuildPhase section */

/* Begin PBXGroup section */
		376AAF042A8B2AD00055CF0F = {
			isa = PBXGroup;
			children = (
				376AAF0F2A8B2AD00055CF0F /* LSYListViewDataSourceDemo */,
				376AAF0E2A8B2AD00055CF0F /* Products */,
				54E9020C8541C5EC84CE1586 /* Pods */,
				F05D9BD59C240660086E8DBD /* Frameworks */,
			);
			sourceTree = "<group>";
		};
		376AAF0E2A8B2AD00055CF0F /* Products */ = {
			isa = PBXGroup;
			children = (
				376AAF0D2A8B2AD00055CF0F /* LSYListViewDataSourceDemo.app */,
			);
			name = Products;
			sourceTree = "<group>";
		};
		376AAF0F2A8B2AD00055CF0F /* LSYListViewDataSourceDemo */ = {
			isa = PBXGroup;
			children = (
				376AAF292A8B2F2E0055CF0F /* LSYListViewDataSource */,
				378BDA552A93522200A2DCDB /* Network */,
				376AAF102A8B2AD00055CF0F /* AppDelegate.h */,
				376AAF112A8B2AD00055CF0F /* AppDelegate.m */,
				376AAF132A8B2AD00055CF0F /* SceneDelegate.h */,
				376AAF142A8B2AD00055CF0F /* SceneDelegate.m */,
				376AAF162A8B2AD00055CF0F /* ViewController.h */,
				376AAF172A8B2AD00055CF0F /* ViewController.m */,
				376AAF2D2A8B4C280055CF0F /* TableViewController.h */,
				376AAF2E2A8B4C280055CF0F /* TableViewController.m */,
				376AAF3D2A8BA0380055CF0F /* CollectionViewController.h */,
				376AAF3E2A8BA0380055CF0F /* CollectionViewController.m */,
				376AAF402A8BA5E50055CF0F /* CollectionViewCell.h */,
				376AAF412A8BA5E50055CF0F /* CollectionViewCell.m */,
				376B964D2A8CE9C000D3FB46 /* GifRefreshHeader.h */,
				376B964E2A8CE9C000D3FB46 /* GifRefreshHeader.m */,
				376B96502A8D013100D3FB46 /* GifRefreshFooter.h */,
				376B96512A8D013100D3FB46 /* GifRefreshFooter.m */,
				376AAF192A8B2AD00055CF0F /* Main.storyboard */,
				376AAF1C2A8B2AD10055CF0F /* Assets.xcassets */,
				376AAF1E2A8B2AD10055CF0F /* LaunchScreen.storyboard */,
				376AAF212A8B2AD10055CF0F /* Info.plist */,
				376AAF222A8B2AD10055CF0F /* main.m */,
			);
			path = LSYListViewDataSourceDemo;
			sourceTree = "<group>";
		};
		376AAF292A8B2F2E0055CF0F /* LSYListViewDataSource */ = {
			isa = PBXGroup;
			children = (
				376AAF332A8B4E4F0055CF0F /* LSYListViewDataSource.h */,
				376AAF342A8B4E4F0055CF0F /* LSYListViewDataSource.m */,
				376AAF372A8B6FD90055CF0F /* LSYTableViewDataSource.h */,
				376AAF382A8B6FD90055CF0F /* LSYTableViewDataSource.m */,
				376AAF3A2A8B6FF00055CF0F /* LSYCollectionViewDataSource.h */,
				376AAF3B2A8B6FF00055CF0F /* LSYCollectionViewDataSource.m */,
			);
			name = LSYListViewDataSource;
			path = ../../LSYListViewDataSource;
			sourceTree = "<group>";
		};
		378BDA552A93522200A2DCDB /* Network */ = {
			isa = PBXGroup;
			children = (
				378BDA5D2A93522200A2DCDB /* YourBaseRequest.h */,
				378BDA562A93522200A2DCDB /* YourBaseRequest.m */,
				378BDA5E2A93522200A2DCDB /* YourBaseResponse.h */,
				378BDA592A93522200A2DCDB /* YourBaseResponse.m */,
				378BDA582A93522200A2DCDB /* XXXListRequest.h */,
				378BDA5F2A93522200A2DCDB /* XXXListRequest.m */,
				378BDA5C2A93522200A2DCDB /* XXXListResult.h */,
				378BDA572A93522200A2DCDB /* XXXListResult.m */,
			);
			path = Network;
			sourceTree = "<group>";
		};
		54E9020C8541C5EC84CE1586 /* Pods */ = {
			isa = PBXGroup;
			children = (
				8FB71DB746D7D42F1E6505E1 /* Pods-LSYListViewDataSourceDemo.debug.xcconfig */,
				2549FB69FEFE6973D0565ED1 /* Pods-LSYListViewDataSourceDemo.release.xcconfig */,
			);
			path = Pods;
			sourceTree = "<group>";
		};
		F05D9BD59C240660086E8DBD /* Frameworks */ = {
			isa = PBXGroup;
			children = (
				4CA0C19A4C8E586AEBC61DD7 /* Pods_LSYListViewDataSourceDemo.framework */,
			);
			name = Frameworks;
			sourceTree = "<group>";
		};
/* End PBXGroup section */

/* Begin PBXNativeTarget section */
		376AAF0C2A8B2AD00055CF0F /* LSYListViewDataSourceDemo */ = {
			isa = PBXNativeTarget;
			buildConfigurationList = 376AAF262A8B2AD10055CF0F /* Build configuration list for PBXNativeTarget "LSYListViewDataSourceDemo" */;
			buildPhases = (
				62D831862BA8D5BF92A13B9F /* [CP] Check Pods Manifest.lock */,
				376AAF092A8B2AD00055CF0F /* Sources */,
				376AAF0A2A8B2AD00055CF0F /* Frameworks */,
				376AAF0B2A8B2AD00055CF0F /* Resources */,
				B3D6422100F52C4D70639D31 /* [CP] Embed Pods Frameworks */,
			);
			buildRules = (
			);
			dependencies = (
			);
			name = LSYListViewDataSourceDemo;
			productName = LSYListViewDataSourceDemo;
			productReference = 376AAF0D2A8B2AD00055CF0F /* LSYListViewDataSourceDemo.app */;
			productType = "com.apple.product-type.application";
		};
/* End PBXNativeTarget section */

/* Begin PBXProject section */
		376AAF052A8B2AD00055CF0F /* Project object */ = {
			isa = PBXProject;
			attributes = {
				BuildIndependentTargetsInParallel = 1;
				LastUpgradeCheck = 1420;
				TargetAttributes = {
					376AAF0C2A8B2AD00055CF0F = {
						CreatedOnToolsVersion = 14.2;
					};
				};
			};
			buildConfigurationList = 376AAF082A8B2AD00055CF0F /* Build configuration list for PBXProject "LSYListViewDataSourceDemo" */;
			compatibilityVersion = "Xcode 14.0";
			developmentRegion = en;
			hasScannedForEncodings = 0;
			knownRegions = (
				en,
				Base,
			);
			mainGroup = 376AAF042A8B2AD00055CF0F;
			productRefGroup = 376AAF0E2A8B2AD00055CF0F /* Products */;
			projectDirPath = "";
			projectRoot = "";
			targets = (
				376AAF0C2A8B2AD00055CF0F /* LSYListViewDataSourceDemo */,
			);
		};
/* End PBXProject section */

/* Begin PBXResourcesBuildPhase section */
		376AAF0B2A8B2AD00055CF0F /* Resources */ = {
			isa = PBXResourcesBuildPhase;
			buildActionMask = 2147483647;
			files = (
				376AAF202A8B2AD10055CF0F /* LaunchScreen.storyboard in Resources */,
				376AAF1D2A8B2AD10055CF0F /* Assets.xcassets in Resources */,
				376AAF1B2A8B2AD00055CF0F /* Main.storyboard in Resources */,
			);
			runOnlyForDeploymentPostprocessing = 0;
		};
/* End PBXResourcesBuildPhase section */

/* Begin PBXShellScriptBuildPhase section */
		62D831862BA8D5BF92A13B9F /* [CP] Check Pods Manifest.lock */ = {
			isa = PBXShellScriptBuildPhase;
			buildActionMask = 2147483647;
			files = (
			);
			inputFileListPaths = (
			);
			inputPaths = (
				"${PODS_PODFILE_DIR_PATH}/Podfile.lock",
				"${PODS_ROOT}/Manifest.lock",
			);
			name = "[CP] Check Pods Manifest.lock";
			outputFileListPaths = (
			);
			outputPaths = (
				"$(DERIVED_FILE_DIR)/Pods-LSYListViewDataSourceDemo-checkManifestLockResult.txt",
			);
			runOnlyForDeploymentPostprocessing = 0;
			shellPath = /bin/sh;
			shellScript = "diff \"${PODS_PODFILE_DIR_PATH}/Podfile.lock\" \"${PODS_ROOT}/Manifest.lock\" > /dev/null\nif [ $? != 0 ] ; then\n    # print error to STDERR\n    echo \"error: The sandbox is not in sync with the Podfile.lock. Run 'pod install' or update your CocoaPods installation.\" >&2\n    exit 1\nfi\n# This output is used by Xcode 'outputs' to avoid re-running this script phase.\necho \"SUCCESS\" > \"${SCRIPT_OUTPUT_FILE_0}\"\n";
			showEnvVarsInLog = 0;
		};
		B3D6422100F52C4D70639D31 /* [CP] Embed Pods Frameworks */ = {
			isa = PBXShellScriptBuildPhase;
			buildActionMask = 2147483647;
			files = (
			);
			inputFileListPaths = (
				"${PODS_ROOT}/Target Support Files/Pods-LSYListViewDataSourceDemo/Pods-LSYListViewDataSourceDemo-frameworks-${CONFIGURATION}-input-files.xcfilelist",
			);
			name = "[CP] Embed Pods Frameworks";
			outputFileListPaths = (
				"${PODS_ROOT}/Target Support Files/Pods-LSYListViewDataSourceDemo/Pods-LSYListViewDataSourceDemo-frameworks-${CONFIGURATION}-output-files.xcfilelist",
			);
			runOnlyForDeploymentPostprocessing = 0;
			shellPath = /bin/sh;
			shellScript = "\"${PODS_ROOT}/Target Support Files/Pods-LSYListViewDataSourceDemo/Pods-LSYListViewDataSourceDemo-frameworks.sh\"\n";
			showEnvVarsInLog = 0;
		};
/* End PBXShellScriptBuildPhase section */

/* Begin PBXSourcesBuildPhase section */
		376AAF092A8B2AD00055CF0F /* Sources */ = {
			isa = PBXSourcesBuildPhase;
			buildActionMask = 2147483647;
			files = (
				376AAF182A8B2AD00055CF0F /* ViewController.m in Sources */,
				376B96522A8D013100D3FB46 /* GifRefreshFooter.m in Sources */,
				376AAF2F2A8B4C280055CF0F /* TableViewController.m in Sources */,
				376AAF3C2A8B6FF00055CF0F /* LSYCollectionViewDataSource.m in Sources */,
				378BDA622A93522200A2DCDB /* XXXListResult.m in Sources */,
				376AAF122A8B2AD00055CF0F /* AppDelegate.m in Sources */,
				378BDA632A93522200A2DCDB /* YourBaseResponse.m in Sources */,
				376AAF232A8B2AD10055CF0F /* main.m in Sources */,
				376AAF352A8B4E4F0055CF0F /* LSYListViewDataSource.m in Sources */,
				378BDA612A93522200A2DCDB /* YourBaseRequest.m in Sources */,
				376AAF422A8BA5E50055CF0F /* CollectionViewCell.m in Sources */,
				378BDA662A93522200A2DCDB /* XXXListRequest.m in Sources */,
				376AAF392A8B6FD90055CF0F /* LSYTableViewDataSource.m in Sources */,
				376B964F2A8CE9C000D3FB46 /* GifRefreshHeader.m in Sources */,
				376AAF152A8B2AD00055CF0F /* SceneDelegate.m in Sources */,
				376AAF3F2A8BA0380055CF0F /* CollectionViewController.m in Sources */,
			);
			runOnlyForDeploymentPostprocessing = 0;
		};
/* End PBXSourcesBuildPhase section */

/* Begin PBXVariantGroup section */
		376AAF192A8B2AD00055CF0F /* Main.storyboard */ = {
			isa = PBXVariantGroup;
			children = (
				376AAF1A2A8B2AD00055CF0F /* Base */,
			);
			name = Main.storyboard;
			sourceTree = "<group>";
		};
		376AAF1E2A8B2AD10055CF0F /* LaunchScreen.storyboard */ = {
			isa = PBXVariantGroup;
			children = (
				376AAF1F2A8B2AD10055CF0F /* Base */,
			);
			name = LaunchScreen.storyboard;
			sourceTree = "<group>";
		};
/* End PBXVariantGroup section */

/* Begin XCBuildConfiguration section */
		376AAF242A8B2AD10055CF0F /* Debug */ = {
			isa = XCBuildConfiguration;
			buildSettings = {
				ALWAYS_SEARCH_USER_PATHS = NO;
				CLANG_ANALYZER_NONNULL = YES;
				CLANG_ANALYZER_NUMBER_OBJECT_CONVERSION = YES_AGGRESSIVE;
				CLANG_CXX_LANGUAGE_STANDARD = "gnu++20";
				CLANG_ENABLE_MODULES = YES;
				CLANG_ENABLE_OBJC_ARC = YES;
				CLANG_ENABLE_OBJC_WEAK = YES;
				CLANG_WARN_BLOCK_CAPTURE_AUTORELEASING = YES;
				CLANG_WARN_BOOL_CONVERSION = YES;
				CLANG_WARN_COMMA = YES;
				CLANG_WARN_CONSTANT_CONVERSION = YES;
				CLANG_WARN_DEPRECATED_OBJC_IMPLEMENTATIONS = YES;
				CLANG_WARN_DIRECT_OBJC_ISA_USAGE = YES_ERROR;
				CLANG_WARN_DOCUMENTATION_COMMENTS = YES;
				CLANG_WARN_EMPTY_BODY = YES;
				CLANG_WARN_ENUM_CONVERSION = YES;
				CLANG_WARN_INFINITE_RECURSION = YES;
				CLANG_WARN_INT_CONVERSION = YES;
				CLANG_WARN_NON_LITERAL_NULL_CONVERSION = YES;
				CLANG_WARN_OBJC_IMPLICIT_RETAIN_SELF = YES;
				CLANG_WARN_OBJC_LITERAL_CONVERSION = YES;
				CLANG_WARN_OBJC_ROOT_CLASS = YES_ERROR;
				CLANG_WARN_QUOTED_INCLUDE_IN_FRAMEWORK_HEADER = YES;
				CLANG_WARN_RANGE_LOOP_ANALYSIS = YES;
				CLANG_WARN_STRICT_PROTOTYPES = YES;
				CLANG_WARN_SUSPICIOUS_MOVE = YES;
				CLANG_WARN_UNGUARDED_AVAILABILITY = YES_AGGRESSIVE;
				CLANG_WARN_UNREACHABLE_CODE = YES;
				CLANG_WARN__DUPLICATE_METHOD_MATCH = YES;
				COPY_PHASE_STRIP = NO;
				DEBUG_INFORMATION_FORMAT = dwarf;
				ENABLE_STRICT_OBJC_MSGSEND = YES;
				ENABLE_TESTABILITY = YES;
				GCC_C_LANGUAGE_STANDARD = gnu11;
				GCC_DYNAMIC_NO_PIC = NO;
				GCC_NO_COMMON_BLOCKS = YES;
				GCC_OPTIMIZATION_LEVEL = 0;
				GCC_PREPROCESSOR_DEFINITIONS = (
					"DEBUG=1",
					"$(inherited)",
				);
				GCC_WARN_64_TO_32_BIT_CONVERSION = YES;
				GCC_WARN_ABOUT_RETURN_TYPE = YES_ERROR;
				GCC_WARN_UNDECLARED_SELECTOR = YES;
				GCC_WARN_UNINITIALIZED_AUTOS = YES_AGGRESSIVE;
				GCC_WARN_UNUSED_FUNCTION = YES;
				GCC_WARN_UNUSED_VARIABLE = YES;
				IPHONEOS_DEPLOYMENT_TARGET = 16.2;
				MTL_ENABLE_DEBUG_INFO = INCLUDE_SOURCE;
				MTL_FAST_MATH = YES;
				ONLY_ACTIVE_ARCH = YES;
				SDKROOT = iphoneos;
			};
			name = Debug;
		};
		376AAF252A8B2AD10055CF0F /* Release */ = {
			isa = XCBuildConfiguration;
			buildSettings = {
				ALWAYS_SEARCH_USER_PATHS = NO;
				CLANG_ANALYZER_NONNULL = YES;
				CLANG_ANALYZER_NUMBER_OBJECT_CONVERSION = YES_AGGRESSIVE;
				CLANG_CXX_LANGUAGE_STANDARD = "gnu++20";
				CLANG_ENABLE_MODULES = YES;
				CLANG_ENABLE_OBJC_ARC = YES;
				CLANG_ENABLE_OBJC_WEAK = YES;
				CLANG_WARN_BLOCK_CAPTURE_AUTORELEASING = YES;
				CLANG_WARN_BOOL_CONVERSION = YES;
				CLANG_WARN_COMMA = YES;
				CLANG_WARN_CONSTANT_CONVERSION = YES;
				CLANG_WARN_DEPRECATED_OBJC_IMPLEMENTATIONS = YES;
				CLANG_WARN_DIRECT_OBJC_ISA_USAGE = YES_ERROR;
				CLANG_WARN_DOCUMENTATION_COMMENTS = YES;
				CLANG_WARN_EMPTY_BODY = YES;
				CLANG_WARN_ENUM_CONVERSION = YES;
				CLANG_WARN_INFINITE_RECURSION = YES;
				CLANG_WARN_INT_CONVERSION = YES;
				CLANG_WARN_NON_LITERAL_NULL_CONVERSION = YES;
				CLANG_WARN_OBJC_IMPLICIT_RETAIN_SELF = YES;
				CLANG_WARN_OBJC_LITERAL_CONVERSION = YES;
				CLANG_WARN_OBJC_ROOT_CLASS = YES_ERROR;
				CLANG_WARN_QUOTED_INCLUDE_IN_FRAMEWORK_HEADER = YES;
				CLANG_WARN_RANGE_LOOP_ANALYSIS = YES;
				CLANG_WARN_STRICT_PROTOTYPES = YES;
				CLANG_WARN_SUSPICIOUS_MOVE = YES;
				CLANG_WARN_UNGUARDED_AVAILABILITY = YES_AGGRESSIVE;
				CLANG_WARN_UNREACHABLE_CODE = YES;
				CLANG_WARN__DUPLICATE_METHOD_MATCH = YES;
				COPY_PHASE_STRIP = NO;
				DEBUG_INFORMATION_FORMAT = "dwarf-with-dsym";
				ENABLE_NS_ASSERTIONS = NO;
				ENABLE_STRICT_OBJC_MSGSEND = YES;
				GCC_C_LANGUAGE_STANDARD = gnu11;
				GCC_NO_COMMON_BLOCKS = YES;
				GCC_WARN_64_TO_32_BIT_CONVERSION = YES;
				GCC_WARN_ABOUT_RETURN_TYPE = YES_ERROR;
				GCC_WARN_UNDECLARED_SELECTOR = YES;
				GCC_WARN_UNINITIALIZED_AUTOS = YES_AGGRESSIVE;
				GCC_WARN_UNUSED_FUNCTION = YES;
				GCC_WARN_UNUSED_VARIABLE = YES;
				IPHONEOS_DEPLOYMENT_TARGET = 16.2;
				MTL_ENABLE_DEBUG_INFO = NO;
				MTL_FAST_MATH = YES;
				SDKROOT = iphoneos;
				VALIDATE_PRODUCT = YES;
			};
			name = Release;
		};
		376AAF272A8B2AD10055CF0F /* Debug */ = {
			isa = XCBuildConfiguration;
			baseConfigurationReference = 8FB71DB746D7D42F1E6505E1 /* Pods-LSYListViewDataSourceDemo.debug.xcconfig */;
			buildSettings = {
				ASSETCATALOG_COMPILER_APPICON_NAME = AppIcon;
				ASSETCATALOG_COMPILER_GLOBAL_ACCENT_COLOR_NAME = AccentColor;
				CLANG_WARN_OBJC_IMPLICIT_RETAIN_SELF = NO;
				CODE_SIGN_STYLE = Automatic;
				CURRENT_PROJECT_VERSION = 1;
				GENERATE_INFOPLIST_FILE = YES;
				INFOPLIST_FILE = LSYListViewDataSourceDemo/Info.plist;
				INFOPLIST_KEY_UIApplicationSupportsIndirectInputEvents = YES;
				INFOPLIST_KEY_UILaunchStoryboardName = LaunchScreen;
				INFOPLIST_KEY_UIMainStoryboardFile = Main;
				INFOPLIST_KEY_UISupportedInterfaceOrientations_iPad = "UIInterfaceOrientationPortrait UIInterfaceOrientationPortraitUpsideDown UIInterfaceOrientationLandscapeLeft UIInterfaceOrientationLandscapeRight";
				INFOPLIST_KEY_UISupportedInterfaceOrientations_iPhone = "UIInterfaceOrientationPortrait UIInterfaceOrientationLandscapeLeft UIInterfaceOrientationLandscapeRight";
				LD_RUNPATH_SEARCH_PATHS = (
					"$(inherited)",
					"@executable_path/Frameworks",
				);
				MARKETING_VERSION = 1.0;
				PRODUCT_BUNDLE_IDENTIFIER = lsy.LSYListViewDataSourceDemo;
				PRODUCT_NAME = "$(TARGET_NAME)";
				SWIFT_EMIT_LOC_STRINGS = YES;
				TARGETED_DEVICE_FAMILY = "1,2";
			};
			name = Debug;
		};
		376AAF282A8B2AD10055CF0F /* Release */ = {
			isa = XCBuildConfiguration;
			baseConfigurationReference = 2549FB69FEFE6973D0565ED1 /* Pods-LSYListViewDataSourceDemo.release.xcconfig */;
			buildSettings = {
				ASSETCATALOG_COMPILER_APPICON_NAME = AppIcon;
				ASSETCATALOG_COMPILER_GLOBAL_ACCENT_COLOR_NAME = AccentColor;
				CLANG_WARN_OBJC_IMPLICIT_RETAIN_SELF = NO;
				CODE_SIGN_STYLE = Automatic;
				CURRENT_PROJECT_VERSION = 1;
				GENERATE_INFOPLIST_FILE = YES;
				INFOPLIST_FILE = LSYListViewDataSourceDemo/Info.plist;
				INFOPLIST_KEY_UIApplicationSupportsIndirectInputEvents = YES;
				INFOPLIST_KEY_UILaunchStoryboardName = LaunchScreen;
				INFOPLIST_KEY_UIMainStoryboardFile = Main;
				INFOPLIST_KEY_UISupportedInterfaceOrientations_iPad = "UIInterfaceOrientationPortrait UIInterfaceOrientationPortraitUpsideDown UIInterfaceOrientationLandscapeLeft UIInterfaceOrientationLandscapeRight";
				INFOPLIST_KEY_UISupportedInterfaceOrientations_iPhone = "UIInterfaceOrientationPortrait UIInterfaceOrientationLandscapeLeft UIInterfaceOrientationLandscapeRight";
				LD_RUNPATH_SEARCH_PATHS = (
					"$(inherited)",
					"@executable_path/Frameworks",
				);
				MARKETING_VERSION = 1.0;
				PRODUCT_BUNDLE_IDENTIFIER = lsy.LSYListViewDataSourceDemo;
				PRODUCT_NAME = "$(TARGET_NAME)";
				SWIFT_EMIT_LOC_STRINGS = YES;
				TARGETED_DEVICE_FAMILY = "1,2";
			};
			name = Release;
		};
/* End XCBuildConfiguration section */

/* Begin XCConfigurationList section */
		376AAF082A8B2AD00055CF0F /* Build configuration list for PBXProject "LSYListViewDataSourceDemo" */ = {
			isa = XCConfigurationList;
			buildConfigurations = (
				376AAF242A8B2AD10055CF0F /* Debug */,
				376AAF252A8B2AD10055CF0F /* Release */,
			);
			defaultConfigurationIsVisible = 0;
			defaultConfigurationName = Release;
		};
		376AAF262A8B2AD10055CF0F /* Build configuration list for PBXNativeTarget "LSYListViewDataSourceDemo" */ = {
			isa = XCConfigurationList;
			buildConfigurations = (
				376AAF272A8B2AD10055CF0F /* Debug */,
				376AAF282A8B2AD10055CF0F /* Release */,
			);
			defaultConfigurationIsVisible = 0;
			defaultConfigurationName = Release;
		};
/* End XCConfigurationList section */
	};
	rootObject = 376AAF052A8B2AD00055CF0F /* Project object */;
}
